// !$*UTF8*$!
{
	archiveVersion = 1;
	classes = {
	};
	objectVersion = 45;
	objects = {

/* Begin PBXBuildFile section */
		053A95120F3B998B0092763D /* UIProjectReporter.m in Sources */ = {isa = PBXBuildFile; fileRef = 053A95110F3B998B0092763D /* UIProjectReporter.m */; };
		053A95150F3B9BF60092763D /* ProjectReportViewController.m in Sources */ = {isa = PBXBuildFile; fileRef = 053A95140F3B9BF60092763D /* ProjectReportViewController.m */; };
		059CBD480F3BA40900010F3F /* Localizable.strings in Resources */ = {isa = PBXBuildFile; fileRef = 059CBD460F3BA40900010F3F /* Localizable.strings */; };
		059CBD860F3BAB3200010F3F /* ProjectReportView.xib in Resources */ = {isa = PBXBuildFile; fileRef = 059CBD840F3BAB3200010F3F /* ProjectReportView.xib */; };
		05E911050F3A056F00E646F6 /* BuildWatchAppController.m in Sources */ = {isa = PBXBuildFile; fileRef = 05E911040F3A056F00E646F6 /* BuildWatchAppController.m */; };
		05E911100F3A11F700E646F6 /* MockBuildWatchPersistentStore.m in Sources */ = {isa = PBXBuildFile; fileRef = 05E9110F0F3A11F700E646F6 /* MockBuildWatchPersistentStore.m */; };
		05E911E70F3A453300E646F6 /* UIServerSelector.m in Sources */ = {isa = PBXBuildFile; fileRef = 05E911E60F3A453300E646F6 /* UIServerSelector.m */; };
		05E9121F0F3A4E7100E646F6 /* UIProjectSelector.m in Sources */ = {isa = PBXBuildFile; fileRef = 05E9121E0F3A4E7100E646F6 /* UIProjectSelector.m */; };
		1D3623260D0F684500981E51 /* BuildWatchAppDelegate.m in Sources */ = {isa = PBXBuildFile; fileRef = 1D3623250D0F684500981E51 /* BuildWatchAppDelegate.m */; };
		1D60589B0D05DD56006BFB54 /* main.m in Sources */ = {isa = PBXBuildFile; fileRef = 29B97316FDCFA39411CA2CEA /* main.m */; };
		1D60589F0D05DD5A006BFB54 /* Foundation.framework in Frameworks */ = {isa = PBXBuildFile; fileRef = 1D30AB110D05D00D00671497 /* Foundation.framework */; };
		1DF5F4E00D08C38300B7A737 /* UIKit.framework in Frameworks */ = {isa = PBXBuildFile; fileRef = 1DF5F4DF0D08C38300B7A737 /* UIKit.framework */; };
		2892E4100DC94CBA00A64D0F /* CoreGraphics.framework in Frameworks */ = {isa = PBXBuildFile; fileRef = 2892E40F0DC94CBA00A64D0F /* CoreGraphics.framework */; };
		28C286E10D94DF7D0034E888 /* ServerViewController.m in Sources */ = {isa = PBXBuildFile; fileRef = 28C286E00D94DF7D0034E888 /* ServerViewController.m */; };
		9149DF710F39053200A0E32C /* MainWindow.xib in Resources */ = {isa = PBXBuildFile; fileRef = 9149DF6D0F39053200A0E32C /* MainWindow.xib */; };
		9149DF720F39053200A0E32C /* ServerView.xib in Resources */ = {isa = PBXBuildFile; fileRef = 9149DF6F0F39053200A0E32C /* ServerView.xib */; };
		9149E0010F39142400A0E32C /* ProjectsViewController.m in Sources */ = {isa = PBXBuildFile; fileRef = 9149E0000F39142400A0E32C /* ProjectsViewController.m */; };
		9149E0040F39167600A0E32C /* ProjectsView.xib in Resources */ = {isa = PBXBuildFile; fileRef = 9149E0020F39167600A0E32C /* ProjectsView.xib */; };
		91F09AA50F3A63370034528C /* ProjectReport.m in Sources */ = {isa = PBXBuildFile; fileRef = 91F09AA40F3A63370034528C /* ProjectReport.m */; };
		91F09AA80F3A657B0034528C /* ServerReport.m in Sources */ = {isa = PBXBuildFile; fileRef = 91F09AA70F3A657B0034528C /* ServerReport.m */; };
		91F09AD80F3A69A50034528C /* MockBuildService.m in Sources */ = {isa = PBXBuildFile; fileRef = 91F09AD70F3A69A50034528C /* MockBuildService.m */; };
/* End PBXBuildFile section */

/* Begin PBXFileReference section */
		053A950D0F3B99230092763D /* ProjectReporter.h */ = {isa = PBXFileReference; fileEncoding = 4; lastKnownFileType = sourcecode.c.h; path = ProjectReporter.h; sourceTree = "<group>"; };
		053A95100F3B998B0092763D /* UIProjectReporter.h */ = {isa = PBXFileReference; fileEncoding = 4; lastKnownFileType = sourcecode.c.h; path = UIProjectReporter.h; sourceTree = "<group>"; };
		053A95110F3B998B0092763D /* UIProjectReporter.m */ = {isa = PBXFileReference; fileEncoding = 4; lastKnownFileType = sourcecode.c.objc; path = UIProjectReporter.m; sourceTree = "<group>"; };
		053A95130F3B9BF60092763D /* ProjectReportViewController.h */ = {isa = PBXFileReference; fileEncoding = 4; lastKnownFileType = sourcecode.c.h; path = ProjectReportViewController.h; sourceTree = "<group>"; };
		053A95140F3B9BF60092763D /* ProjectReportViewController.m */ = {isa = PBXFileReference; fileEncoding = 4; lastKnownFileType = sourcecode.c.objc; path = ProjectReportViewController.m; sourceTree = "<group>"; };
		059CBD470F3BA40900010F3F /* en */ = {isa = PBXFileReference; fileEncoding = 10; lastKnownFileType = text.plist.strings; name = en; path = en.lproj/Localizable.strings; sourceTree = "<group>"; };
		059CBD850F3BAB3200010F3F /* en */ = {isa = PBXFileReference; lastKnownFileType = file.xib; name = en; path = en.lproj/ProjectReportView.xib; sourceTree = "<group>"; };
		05E911030F3A056F00E646F6 /* BuildWatchAppController.h */ = {isa = PBXFileReference; fileEncoding = 4; lastKnownFileType = sourcecode.c.h; path = BuildWatchAppController.h; sourceTree = "<group>"; };
		05E911040F3A056F00E646F6 /* BuildWatchAppController.m */ = {isa = PBXFileReference; fileEncoding = 4; lastKnownFileType = sourcecode.c.objc; path = BuildWatchAppController.m; sourceTree = "<group>"; };
		05E911070F3A111500E646F6 /* BuildWatchPersistentStore.h */ = {isa = PBXFileReference; fileEncoding = 4; lastKnownFileType = sourcecode.c.h; path = BuildWatchPersistentStore.h; sourceTree = "<group>"; };
		05E9110E0F3A11F700E646F6 /* MockBuildWatchPersistentStore.h */ = {isa = PBXFileReference; fileEncoding = 4; lastKnownFileType = sourcecode.c.h; path = MockBuildWatchPersistentStore.h; sourceTree = "<group>"; };
		05E9110F0F3A11F700E646F6 /* MockBuildWatchPersistentStore.m */ = {isa = PBXFileReference; fileEncoding = 4; lastKnownFileType = sourcecode.c.objc; path = MockBuildWatchPersistentStore.m; sourceTree = "<group>"; };
		05E911E50F3A453300E646F6 /* UIServerSelector.h */ = {isa = PBXFileReference; fileEncoding = 4; lastKnownFileType = sourcecode.c.h; path = UIServerSelector.h; sourceTree = "<group>"; };
		05E911E60F3A453300E646F6 /* UIServerSelector.m */ = {isa = PBXFileReference; fileEncoding = 4; lastKnownFileType = sourcecode.c.objc; path = UIServerSelector.m; sourceTree = "<group>"; };
		05E9121A0F3A4E6800E646F6 /* ProjectSelector.h */ = {isa = PBXFileReference; fileEncoding = 4; lastKnownFileType = sourcecode.c.h; path = ProjectSelector.h; sourceTree = "<group>"; };
		05E9121B0F3A4E6800E646F6 /* ProjectSelectorDelegate.h */ = {isa = PBXFileReference; fileEncoding = 4; lastKnownFileType = sourcecode.c.h; path = ProjectSelectorDelegate.h; sourceTree = "<group>"; };
		05E9121C0F3A4E6800E646F6 /* ServerSelector.h */ = {isa = PBXFileReference; fileEncoding = 4; lastKnownFileType = sourcecode.c.h; path = ServerSelector.h; sourceTree = "<group>"; };
		05E9121D0F3A4E7100E646F6 /* UIProjectSelector.h */ = {isa = PBXFileReference; fileEncoding = 4; lastKnownFileType = sourcecode.c.h; path = UIProjectSelector.h; sourceTree = "<group>"; };
		05E9121E0F3A4E7100E646F6 /* UIProjectSelector.m */ = {isa = PBXFileReference; fileEncoding = 4; lastKnownFileType = sourcecode.c.objc; path = UIProjectSelector.m; sourceTree = "<group>"; };
		1D30AB110D05D00D00671497 /* Foundation.framework */ = {isa = PBXFileReference; lastKnownFileType = wrapper.framework; name = Foundation.framework; path = System/Library/Frameworks/Foundation.framework; sourceTree = SDKROOT; };
		1D3623240D0F684500981E51 /* BuildWatchAppDelegate.h */ = {isa = PBXFileReference; fileEncoding = 4; lastKnownFileType = sourcecode.c.h; path = BuildWatchAppDelegate.h; sourceTree = "<group>"; };
		1D3623250D0F684500981E51 /* BuildWatchAppDelegate.m */ = {isa = PBXFileReference; fileEncoding = 4; lastKnownFileType = sourcecode.c.objc; path = BuildWatchAppDelegate.m; sourceTree = "<group>"; };
		1D6058910D05DD3D006BFB54 /* Build Watch.app */ = {isa = PBXFileReference; explicitFileType = wrapper.application; includeInIndex = 0; path = "Build Watch.app"; sourceTree = BUILT_PRODUCTS_DIR; };
		1DF5F4DF0D08C38300B7A737 /* UIKit.framework */ = {isa = PBXFileReference; lastKnownFileType = wrapper.framework; name = UIKit.framework; path = System/Library/Frameworks/UIKit.framework; sourceTree = SDKROOT; };
		2892E40F0DC94CBA00A64D0F /* CoreGraphics.framework */ = {isa = PBXFileReference; lastKnownFileType = wrapper.framework; name = CoreGraphics.framework; path = System/Library/Frameworks/CoreGraphics.framework; sourceTree = SDKROOT; };
		28A0AAE50D9B0CCF005BE974 /* build_watch_Prefix.pch */ = {isa = PBXFileReference; fileEncoding = 4; lastKnownFileType = sourcecode.c.h; path = build_watch_Prefix.pch; sourceTree = "<group>"; };
		28C286DF0D94DF7D0034E888 /* ServerViewController.h */ = {isa = PBXFileReference; fileEncoding = 4; lastKnownFileType = sourcecode.c.h; path = ServerViewController.h; sourceTree = "<group>"; };
		28C286E00D94DF7D0034E888 /* ServerViewController.m */ = {isa = PBXFileReference; fileEncoding = 4; lastKnownFileType = sourcecode.c.objc; path = ServerViewController.m; sourceTree = "<group>"; };
		29B97316FDCFA39411CA2CEA /* main.m */ = {isa = PBXFileReference; fileEncoding = 4; lastKnownFileType = sourcecode.c.objc; path = main.m; sourceTree = "<group>"; };
		8D1107310486CEB800E47090 /* Info.plist */ = {isa = PBXFileReference; fileEncoding = 4; lastKnownFileType = text.plist.xml; path = Info.plist; sourceTree = "<group>"; };
		9149DF6E0F39053200A0E32C /* en */ = {isa = PBXFileReference; lastKnownFileType = file.xib; name = en; path = en.lproj/MainWindow.xib; sourceTree = "<group>"; };
		9149DF700F39053200A0E32C /* en */ = {isa = PBXFileReference; lastKnownFileType = file.xib; name = en; path = en.lproj/ServerView.xib; sourceTree = "<group>"; };
		9149DFFF0F39142400A0E32C /* ProjectsViewController.h */ = {isa = PBXFileReference; fileEncoding = 4; lastKnownFileType = sourcecode.c.h; path = ProjectsViewController.h; sourceTree = "<group>"; };
		9149E0000F39142400A0E32C /* ProjectsViewController.m */ = {isa = PBXFileReference; fileEncoding = 4; lastKnownFileType = sourcecode.c.objc; path = ProjectsViewController.m; sourceTree = "<group>"; };
		9149E0030F39167600A0E32C /* en */ = {isa = PBXFileReference; lastKnownFileType = file.xib; name = en; path = en.lproj/ProjectsView.xib; sourceTree = "<group>"; };
		91F09AA30F3A63370034528C /* ProjectReport.h */ = {isa = PBXFileReference; fileEncoding = 4; lastKnownFileType = sourcecode.c.h; path = ProjectReport.h; sourceTree = "<group>"; };
		91F09AA40F3A63370034528C /* ProjectReport.m */ = {isa = PBXFileReference; fileEncoding = 4; lastKnownFileType = sourcecode.c.objc; path = ProjectReport.m; sourceTree = "<group>"; };
		91F09AA60F3A657B0034528C /* ServerReport.h */ = {isa = PBXFileReference; fileEncoding = 4; lastKnownFileType = sourcecode.c.h; path = ServerReport.h; sourceTree = "<group>"; };
		91F09AA70F3A657B0034528C /* ServerReport.m */ = {isa = PBXFileReference; fileEncoding = 4; lastKnownFileType = sourcecode.c.objc; path = ServerReport.m; sourceTree = "<group>"; };
		91F09AAA0F3A66970034528C /* BuildService.h */ = {isa = PBXFileReference; fileEncoding = 4; lastKnownFileType = sourcecode.c.h; path = BuildService.h; sourceTree = "<group>"; };
		91F09AAD0F3A67090034528C /* BuildServiceDelegate.h */ = {isa = PBXFileReference; fileEncoding = 4; lastKnownFileType = sourcecode.c.h; path = BuildServiceDelegate.h; sourceTree = "<group>"; };
		91F09AD60F3A69A50034528C /* MockBuildService.h */ = {isa = PBXFileReference; fileEncoding = 4; lastKnownFileType = sourcecode.c.h; path = MockBuildService.h; sourceTree = "<group>"; };
		91F09AD70F3A69A50034528C /* MockBuildService.m */ = {isa = PBXFileReference; fileEncoding = 4; lastKnownFileType = sourcecode.c.objc; path = MockBuildService.m; sourceTree = "<group>"; };
/* End PBXFileReference section */

/* Begin PBXFrameworksBuildPhase section */
		1D60588F0D05DD3D006BFB54 /* Frameworks */ = {
			isa = PBXFrameworksBuildPhase;
			buildActionMask = 2147483647;
			files = (
				1D60589F0D05DD5A006BFB54 /* Foundation.framework in Frameworks */,
				1DF5F4E00D08C38300B7A737 /* UIKit.framework in Frameworks */,
				2892E4100DC94CBA00A64D0F /* CoreGraphics.framework in Frameworks */,
			);
			runOnlyForDeploymentPostprocessing = 0;
		};
/* End PBXFrameworksBuildPhase section */

/* Begin PBXGroup section */
		080E96DDFE201D6D7F000001 /* Classes */ = {
			isa = PBXGroup;
			children = (
				91F09AA60F3A657B0034528C /* ServerReport.h */,
				91F09AA70F3A657B0034528C /* ServerReport.m */,
				05E9121A0F3A4E6800E646F6 /* ProjectSelector.h */,
				05E9121B0F3A4E6800E646F6 /* ProjectSelectorDelegate.h */,
				05E9121C0F3A4E6800E646F6 /* ServerSelector.h */,
				28C286DF0D94DF7D0034E888 /* ServerViewController.h */,
				28C286E00D94DF7D0034E888 /* ServerViewController.m */,
				1D3623240D0F684500981E51 /* BuildWatchAppDelegate.h */,
				1D3623250D0F684500981E51 /* BuildWatchAppDelegate.m */,
				9149DFFF0F39142400A0E32C /* ProjectsViewController.h */,
				9149E0000F39142400A0E32C /* ProjectsViewController.m */,
				05E911030F3A056F00E646F6 /* BuildWatchAppController.h */,
				05E911040F3A056F00E646F6 /* BuildWatchAppController.m */,
				05E911070F3A111500E646F6 /* BuildWatchPersistentStore.h */,
				05E9110E0F3A11F700E646F6 /* MockBuildWatchPersistentStore.h */,
				05E9110F0F3A11F700E646F6 /* MockBuildWatchPersistentStore.m */,
				05E911E50F3A453300E646F6 /* UIServerSelector.h */,
				05E911E60F3A453300E646F6 /* UIServerSelector.m */,
				05E9121D0F3A4E7100E646F6 /* UIProjectSelector.h */,
				05E9121E0F3A4E7100E646F6 /* UIProjectSelector.m */,
				91F09AA30F3A63370034528C /* ProjectReport.h */,
				91F09AA40F3A63370034528C /* ProjectReport.m */,
				91F09AAA0F3A66970034528C /* BuildService.h */,
				91F09AAD0F3A67090034528C /* BuildServiceDelegate.h */,
				91F09AD60F3A69A50034528C /* MockBuildService.h */,
				91F09AD70F3A69A50034528C /* MockBuildService.m */,
				053A950D0F3B99230092763D /* ProjectReporter.h */,
				053A95100F3B998B0092763D /* UIProjectReporter.h */,
				053A95110F3B998B0092763D /* UIProjectReporter.m */,
				053A95130F3B9BF60092763D /* ProjectReportViewController.h */,
				053A95140F3B9BF60092763D /* ProjectReportViewController.m */,
			);
			path = Classes;
			sourceTree = "<group>";
		};
		19C28FACFE9D520D11CA2CBB /* Products */ = {
			isa = PBXGroup;
			children = (
				1D6058910D05DD3D006BFB54 /* Build Watch.app */,
			);
			name = Products;
			sourceTree = "<group>";
		};
		29B97314FDCFA39411CA2CEA /* CustomTemplate */ = {
			isa = PBXGroup;
			children = (
				080E96DDFE201D6D7F000001 /* Classes */,
				29B97315FDCFA39411CA2CEA /* Other Sources */,
				29B97317FDCFA39411CA2CEA /* Resources */,
				29B97323FDCFA39411CA2CEA /* Frameworks */,
				19C28FACFE9D520D11CA2CBB /* Products */,
			);
			name = CustomTemplate;
			sourceTree = "<group>";
		};
		29B97315FDCFA39411CA2CEA /* Other Sources */ = {
			isa = PBXGroup;
			children = (
				28A0AAE50D9B0CCF005BE974 /* build_watch_Prefix.pch */,
				29B97316FDCFA39411CA2CEA /* main.m */,
			);
			name = "Other Sources";
			sourceTree = "<group>";
		};
		29B97317FDCFA39411CA2CEA /* Resources */ = {
			isa = PBXGroup;
			children = (
				059CBD840F3BAB3200010F3F /* ProjectReportView.xib */,
				9149DF6D0F39053200A0E32C /* MainWindow.xib */,
				9149DF6F0F39053200A0E32C /* ServerView.xib */,
				8D1107310486CEB800E47090 /* Info.plist */,
				9149E0020F39167600A0E32C /* ProjectsView.xib */,
				059CBD460F3BA40900010F3F /* Localizable.strings */,
			);
			name = Resources;
			sourceTree = "<group>";
		};
		29B97323FDCFA39411CA2CEA /* Frameworks */ = {
			isa = PBXGroup;
			children = (
				1DF5F4DF0D08C38300B7A737 /* UIKit.framework */,
				1D30AB110D05D00D00671497 /* Foundation.framework */,
				2892E40F0DC94CBA00A64D0F /* CoreGraphics.framework */,
			);
			name = Frameworks;
			sourceTree = "<group>";
		};
/* End PBXGroup section */

/* Begin PBXNativeTarget section */
		1D6058900D05DD3D006BFB54 /* build-watch */ = {
			isa = PBXNativeTarget;
			buildConfigurationList = 1D6058960D05DD3E006BFB54 /* Build configuration list for PBXNativeTarget "build-watch" */;
			buildPhases = (
				1D60588D0D05DD3D006BFB54 /* Resources */,
				1D60588E0D05DD3D006BFB54 /* Sources */,
				1D60588F0D05DD3D006BFB54 /* Frameworks */,
			);
			buildRules = (
			);
			dependencies = (
			);
			name = "build-watch";
			productName = "build-watch";
			productReference = 1D6058910D05DD3D006BFB54 /* Build Watch.app */;
			productType = "com.apple.product-type.application";
		};
/* End PBXNativeTarget section */

/* Begin PBXProject section */
		29B97313FDCFA39411CA2CEA /* Project object */ = {
			isa = PBXProject;
			buildConfigurationList = C01FCF4E08A954540054247B /* Build configuration list for PBXProject "build-watch" */;
			compatibilityVersion = "Xcode 3.1";
			hasScannedForEncodings = 1;
			knownRegions = (
				English,
				Japanese,
				French,
				German,
				en,
			);
			mainGroup = 29B97314FDCFA39411CA2CEA /* CustomTemplate */;
			projectDirPath = "";
			projectRoot = "";
			targets = (
				1D6058900D05DD3D006BFB54 /* build-watch */,
			);
		};
/* End PBXProject section */

/* Begin PBXResourcesBuildPhase section */
		1D60588D0D05DD3D006BFB54 /* Resources */ = {
			isa = PBXResourcesBuildPhase;
			buildActionMask = 2147483647;
			files = (
				9149DF710F39053200A0E32C /* MainWindow.xib in Resources */,
				9149DF720F39053200A0E32C /* ServerView.xib in Resources */,
				9149E0040F39167600A0E32C /* ProjectsView.xib in Resources */,
				059CBD480F3BA40900010F3F /* Localizable.strings in Resources */,
				059CBD860F3BAB3200010F3F /* ProjectReportView.xib in Resources */,
			);
			runOnlyForDeploymentPostprocessing = 0;
		};
/* End PBXResourcesBuildPhase section */

/* Begin PBXSourcesBuildPhase section */
		1D60588E0D05DD3D006BFB54 /* Sources */ = {
			isa = PBXSourcesBuildPhase;
			buildActionMask = 2147483647;
			files = (
				1D60589B0D05DD56006BFB54 /* main.m in Sources */,
				1D3623260D0F684500981E51 /* BuildWatchAppDelegate.m in Sources */,
				28C286E10D94DF7D0034E888 /* ServerViewController.m in Sources */,
				9149E0010F39142400A0E32C /* ProjectsViewController.m in Sources */,
				05E911050F3A056F00E646F6 /* BuildWatchAppController.m in Sources */,
				05E911100F3A11F700E646F6 /* MockBuildWatchPersistentStore.m in Sources */,
				05E911E70F3A453300E646F6 /* UIServerSelector.m in Sources */,
				05E9121F0F3A4E7100E646F6 /* UIProjectSelector.m in Sources */,
				91F09AA50F3A63370034528C /* ProjectReport.m in Sources */,
				91F09AA80F3A657B0034528C /* ServerReport.m in Sources */,
				91F09AD80F3A69A50034528C /* MockBuildService.m in Sources */,
				053A95120F3B998B0092763D /* UIProjectReporter.m in Sources */,
				053A95150F3B9BF60092763D /* ProjectReportViewController.m in Sources */,
			);
			runOnlyForDeploymentPostprocessing = 0;
		};
/* End PBXSourcesBuildPhase section */

/* Begin PBXVariantGroup section */
		059CBD460F3BA40900010F3F /* Localizable.strings */ = {
			isa = PBXVariantGroup;
			children = (
				059CBD470F3BA40900010F3F /* en */,
			);
			name = Localizable.strings;
			sourceTree = "<group>";
		};
		059CBD840F3BAB3200010F3F /* ProjectReportView.xib */ = {
			isa = PBXVariantGroup;
			children = (
				059CBD850F3BAB3200010F3F /* en */,
			);
			name = ProjectReportView.xib;
			sourceTree = "<group>";
		};
		9149DF6D0F39053200A0E32C /* MainWindow.xib */ = {
			isa = PBXVariantGroup;
			children = (
				9149DF6E0F39053200A0E32C /* en */,
			);
			name = MainWindow.xib;
			sourceTree = "<group>";
		};
		9149DF6F0F39053200A0E32C /* ServerView.xib */ = {
			isa = PBXVariantGroup;
			children = (
				9149DF700F39053200A0E32C /* en */,
			);
			name = ServerView.xib;
			sourceTree = "<group>";
		};
		9149E0020F39167600A0E32C /* ProjectsView.xib */ = {
			isa = PBXVariantGroup;
			children = (
				9149E0030F39167600A0E32C /* en */,
			);
			name = ProjectsView.xib;
			sourceTree = "<group>";
		};
/* End PBXVariantGroup section */

/* Begin XCBuildConfiguration section */
		056FD8CD0F38E11A000225C6 /* Distribution */ = {
			isa = XCBuildConfiguration;
			buildSettings = {
				ARCHS = "$(ARCHS_STANDARD_32_BIT)";
				"CODE_SIGN_IDENTITY[sdk=iphoneos*]" = "iPhone Developer";
				GCC_C_LANGUAGE_STANDARD = c99;
				GCC_WARN_ABOUT_RETURN_TYPE = YES;
				GCC_WARN_UNUSED_VARIABLE = YES;
				PREBINDING = NO;
				SDKROOT = iphoneos2.1;
			};
			name = Distribution;
		};
		056FD8CE0F38E11A000225C6 /* Distribution */ = {
			isa = XCBuildConfiguration;
			buildSettings = {
				ALWAYS_SEARCH_USER_PATHS = NO;
				COPY_PHASE_STRIP = YES;
				GCC_PRECOMPILE_PREFIX_HEADER = YES;
				GCC_PREFIX_HEADER = build_watch_Prefix.pch;
				INFOPLIST_FILE = Info.plist;
				PRODUCT_NAME = "Build Watch";
			};
			name = Distribution;
		};
		1D6058940D05DD3E006BFB54 /* Debug */ = {
			isa = XCBuildConfiguration;
			buildSettings = {
				ALWAYS_SEARCH_USER_PATHS = NO;
				COPY_PHASE_STRIP = NO;
				GCC_DYNAMIC_NO_PIC = NO;
				GCC_OPTIMIZATION_LEVEL = 0;
				GCC_PRECOMPILE_PREFIX_HEADER = YES;
				GCC_PREFIX_HEADER = build_watch_Prefix.pch;
				INFOPLIST_FILE = Info.plist;
				PRODUCT_NAME = "Build Watch";
			};
			name = Debug;
		};
		1D6058950D05DD3E006BFB54 /* Release */ = {
			isa = XCBuildConfiguration;
			buildSettings = {
				ALWAYS_SEARCH_USER_PATHS = NO;
				COPY_PHASE_STRIP = YES;
				GCC_PRECOMPILE_PREFIX_HEADER = YES;
				GCC_PREFIX_HEADER = build_watch_Prefix.pch;
				INFOPLIST_FILE = Info.plist;
				PRODUCT_NAME = "build-watch";
			};
			name = Release;
		};
		C01FCF4F08A954540054247B /* Debug */ = {
			isa = XCBuildConfiguration;
			buildSettings = {
				ARCHS = "$(ARCHS_STANDARD_32_BIT)";
				"CODE_SIGN_IDENTITY[sdk=iphoneos*]" = "iPhone Developer: John Debay";
				GCC_C_LANGUAGE_STANDARD = c99;
				GCC_WARN_ABOUT_RETURN_TYPE = YES;
				GCC_WARN_UNUSED_VARIABLE = YES;
				ONLY_ACTIVE_ARCH = YES;
				PREBINDING = NO;
				"PROVISIONING_PROFILE[sdk=iphoneos*]" = "D8FAC8AE-20E3-489E-8C46-4A4FF58EEFA7";
				SDKROOT = iphoneos2.1;
			};
			name = Debug;
		};
		C01FCF5008A954540054247B /* Release */ = {
			isa = XCBuildConfiguration;
			buildSettings = {
				ARCHS = "$(ARCHS_STANDARD_32_BIT)";
				"CODE_SIGN_IDENTITY[sdk=iphoneos*]" = "iPhone Developer";
				GCC_C_LANGUAGE_STANDARD = c99;
				GCC_WARN_ABOUT_RETURN_TYPE = YES;
				GCC_WARN_UNUSED_VARIABLE = YES;
				PREBINDING = NO;
				SDKROOT = iphoneos2.1;
			};
			name = Release;
		};
/* End XCBuildConfiguration section */

/* Begin XCConfigurationList section */
		1D6058960D05DD3E006BFB54 /* Build configuration list for PBXNativeTarget "build-watch" */ = {
			isa = XCConfigurationList;
			buildConfigurations = (
				1D6058940D05DD3E006BFB54 /* Debug */,
				1D6058950D05DD3E006BFB54 /* Release */,
				056FD8CE0F38E11A000225C6 /* Distribution */,
			);
			defaultConfigurationIsVisible = 0;
			defaultConfigurationName = Release;
		};
		C01FCF4E08A954540054247B /* Build configuration list for PBXProject "build-watch" */ = {
			isa = XCConfigurationList;
			buildConfigurations = (
				C01FCF4F08A954540054247B /* Debug */,
				C01FCF5008A954540054247B /* Release */,
				056FD8CD0F38E11A000225C6 /* Distribution */,
			);
			defaultConfigurationIsVisible = 0;
			defaultConfigurationName = Release;
		};
/* End XCConfigurationList section */
	};
	rootObject = 29B97313FDCFA39411CA2CEA /* Project object */;
}
