// !$*UTF8*$!
{
	archiveVersion = 1;
	classes = {
	};
	objectVersion = 45;
	objects = {

/* Begin PBXBuildFile section */
		0524CCBB0F3C86DB00C020FE /* AddServerView.xib in Resources */ = {isa = PBXBuildFile; fileRef = 0524CCB90F3C86DB00C020FE /* AddServerView.xib */; };
		0524CCDF0F3C8A0900C020FE /* AddServerViewController.m in Sources */ = {isa = PBXBuildFile; fileRef = 0524CCDE0F3C8A0900C020FE /* AddServerViewController.m */; };
		0524CE3A0F3CBA5F00C020FE /* EditServerDetailsViewController.m in Sources */ = {isa = PBXBuildFile; fileRef = 0524CE390F3CBA5F00C020FE /* EditServerDetailsViewController.m */; };
		0524CE5E0F3CBC6600C020FE /* EditServerDetailsView.xib in Resources */ = {isa = PBXBuildFile; fileRef = 0524CE5C0F3CBC6600C020FE /* EditServerDetailsView.xib */; };
		053A95120F3B998B0092763D /* UIProjectReporter.m in Sources */ = {isa = PBXBuildFile; fileRef = 053A95110F3B998B0092763D /* UIProjectReporter.m */; };
		053A95150F3B9BF60092763D /* ProjectReportViewController.m in Sources */ = {isa = PBXBuildFile; fileRef = 053A95140F3B9BF60092763D /* ProjectReportViewController.m */; };
		054462920F4932A20070ABBB /* NSString+BuildWatchAdditions.m in Sources */ = {isa = PBXBuildFile; fileRef = 054462910F4932A20070ABBB /* NSString+BuildWatchAdditions.m */; };
		0544629E0F4932F60070ABBB /* XmlBoolObjectBuilder.m in Sources */ = {isa = PBXBuildFile; fileRef = 054462940F4932F60070ABBB /* XmlBoolObjectBuilder.m */; };
		0544629F0F4932F60070ABBB /* XmlCompositeObjectBuilder.m in Sources */ = {isa = PBXBuildFile; fileRef = 054462960F4932F60070ABBB /* XmlCompositeObjectBuilder.m */; };
		054462A00F4932F60070ABBB /* XmlDateObjectBuilder.m in Sources */ = {isa = PBXBuildFile; fileRef = 054462980F4932F60070ABBB /* XmlDateObjectBuilder.m */; };
		054462A10F4932F60070ABBB /* XmlRegexObjectBuilder.m in Sources */ = {isa = PBXBuildFile; fileRef = 0544629B0F4932F60070ABBB /* XmlRegexObjectBuilder.m */; };
		054462A20F4932F60070ABBB /* XmlSimpleObjectBuilder.m in Sources */ = {isa = PBXBuildFile; fileRef = 0544629D0F4932F60070ABBB /* XmlSimpleObjectBuilder.m */; };
		054462AD0F49335A0070ABBB /* PListBuildWatchPersistentStore.m in Sources */ = {isa = PBXBuildFile; fileRef = 054462AA0F49335A0070ABBB /* PListBuildWatchPersistentStore.m */; };
		054462AE0F49335A0070ABBB /* PListUtils.m in Sources */ = {isa = PBXBuildFile; fileRef = 054462AC0F49335A0070ABBB /* PListUtils.m */; };
		054462B40F4933C10070ABBB /* NSError+BuildWatchAdditions.m in Sources */ = {isa = PBXBuildFile; fileRef = 054462B30F4933C10070ABBB /* NSError+BuildWatchAdditions.m */; };
		05473A6B0F44AD4C003F5444 /* ProjectForceBuildLinks.plist in Resources */ = {isa = PBXBuildFile; fileRef = 05473A6A0F44AD4C003F5444 /* ProjectForceBuildLinks.plist */; };
		05473C470F44E45E003F5444 /* checkmark.png in Resources */ = {isa = PBXBuildFile; fileRef = 05473C460F44E45E003F5444 /* checkmark.png */; };
		057CDAFD0F42799D00B63112 /* BuildDetailsViewController.m in Sources */ = {isa = PBXBuildFile; fileRef = 057CDAFC0F42799D00B63112 /* BuildDetailsViewController.m */; };
		059CBD480F3BA40900010F3F /* Localizable.strings in Resources */ = {isa = PBXBuildFile; fileRef = 059CBD460F3BA40900010F3F /* Localizable.strings */; };
		059CBDC20F3BAE7400010F3F /* ProjectReportView.xib in Resources */ = {isa = PBXBuildFile; fileRef = 059CBDC00F3BAE7400010F3F /* ProjectReportView.xib */; };
		059CBE090F3BC7C800010F3F /* Icon.png in Resources */ = {isa = PBXBuildFile; fileRef = 059CBE080F3BC7C800010F3F /* Icon.png */; };
		059CBF2E0F3C821900010F3F /* UIServerGroupCreator.m in Sources */ = {isa = PBXBuildFile; fileRef = 059CBF2D0F3C821900010F3F /* UIServerGroupCreator.m */; };
		05A1001E0F42681B00E2C085 /* BuildDetailsView.xib in Resources */ = {isa = PBXBuildFile; fileRef = 05A1001C0F42681B00E2C085 /* BuildDetailsView.xib */; };
		05A1FD9E0F42225200E2C085 /* NameValueTableViewCell.xib in Resources */ = {isa = PBXBuildFile; fileRef = 05A1FD9C0F42225200E2C085 /* NameValueTableViewCell.xib */; };
		05A1FDA20F42237E00E2C085 /* NameValueTableViewCell.m in Sources */ = {isa = PBXBuildFile; fileRef = 05A1FDA10F42237E00E2C085 /* NameValueTableViewCell.m */; };
		05A1FF900F425F3E00E2C085 /* build-succeeded.png in Resources */ = {isa = PBXBuildFile; fileRef = 05A1FF8E0F425F3E00E2C085 /* build-succeeded.png */; };
		05A1FF930F425F7A00E2C085 /* build-broken.png in Resources */ = {isa = PBXBuildFile; fileRef = 05A1FF920F425F7A00E2C085 /* build-broken.png */; };
		05C8834E0F49B82E00E486EA /* ServerReportBuilderFactory.m in Sources */ = {isa = PBXBuildFile; fileRef = 05C8834D0F49B82E00E486EA /* ServerReportBuilderFactory.m */; };
		05C883580F49BCD000E486EA /* CcrbServerReportBuilder.m in Sources */ = {isa = PBXBuildFile; fileRef = 05C883570F49BCD000E486EA /* CcrbServerReportBuilder.m */; };
		05C883A50F49C88800E486EA /* CcjavaServerReportBuilder.m in Sources */ = {isa = PBXBuildFile; fileRef = 05C883A40F49C88800E486EA /* CcjavaServerReportBuilder.m */; };
		05C883A80F49C89000E486EA /* CcnetServerReportBuilder.m in Sources */ = {isa = PBXBuildFile; fileRef = 05C883A70F49C89000E486EA /* CcnetServerReportBuilder.m */; };
		05C884210F49E72000E486EA /* ServerReportBuilders.plist in Resources */ = {isa = PBXBuildFile; fileRef = 05C884200F49E72000E486EA /* ServerReportBuilders.plist */; };
		05D8AF990F43B3DA00F07532 /* ForceBuildTableViewCell.xib in Resources */ = {isa = PBXBuildFile; fileRef = 05D8AF970F43B3DA00F07532 /* ForceBuildTableViewCell.xib */; };
		05D8AF9E0F43B57100F07532 /* ForceBuildTableViewCell.m in Sources */ = {isa = PBXBuildFile; fileRef = 05D8AF9D0F43B57100F07532 /* ForceBuildTableViewCell.m */; };
		05D8AFE20F43CC3D00F07532 /* GenericBuildForcer.m in Sources */ = {isa = PBXBuildFile; fileRef = 05D8AFE10F43CC3D00F07532 /* GenericBuildForcer.m */; };
		05DB30060F48CBD3005E1682 /* XmlConstantValueObjectBuilder.m in Sources */ = {isa = PBXBuildFile; fileRef = 05DB30050F48CBD3005E1682 /* XmlConstantValueObjectBuilder.m */; };
		05E911050F3A056F00E646F6 /* BuildWatchAppController.m in Sources */ = {isa = PBXBuildFile; fileRef = 05E911040F3A056F00E646F6 /* BuildWatchAppController.m */; };
		05E911100F3A11F700E646F6 /* MockBuildWatchPersistentStore.m in Sources */ = {isa = PBXBuildFile; fileRef = 05E9110F0F3A11F700E646F6 /* MockBuildWatchPersistentStore.m */; };
		05E911E70F3A453300E646F6 /* UIServerGroupNameSelector.m in Sources */ = {isa = PBXBuildFile; fileRef = 05E911E60F3A453300E646F6 /* UIServerGroupNameSelector.m */; };
		05E9121F0F3A4E7100E646F6 /* UIProjectSelector.m in Sources */ = {isa = PBXBuildFile; fileRef = 05E9121E0F3A4E7100E646F6 /* UIProjectSelector.m */; };
		05F1867C0F3D1B4300024A3C /* NetworkBuildService.m in Sources */ = {isa = PBXBuildFile; fileRef = 05F1867B0F3D1B4300024A3C /* NetworkBuildService.m */; };
		05F186990F3D223D00024A3C /* NetworkBuildStatusUpdater.m in Sources */ = {isa = PBXBuildFile; fileRef = 05F186980F3D223D00024A3C /* NetworkBuildStatusUpdater.m */; };
		05FE3CA70F3DFAD600EE7FB9 /* GenericServerReportBuilder.m in Sources */ = {isa = PBXBuildFile; fileRef = 05FE3CA60F3DFAD600EE7FB9 /* GenericServerReportBuilder.m */; };
		05FE3CFE0F3E010A00EE7FB9 /* NSDate+BuildServiceAdditions.m in Sources */ = {isa = PBXBuildFile; fileRef = 05FE3CFD0F3E010A00EE7FB9 /* NSDate+BuildServiceAdditions.m */; };
		05FE3EB10F3E1BE500EE7FB9 /* CXMLDocument.m in Sources */ = {isa = PBXBuildFile; fileRef = 05FE3E9F0F3E1BE500EE7FB9 /* CXMLDocument.m */; };
		05FE3EB20F3E1BE500EE7FB9 /* CXMLDocument_CreationExtensions.m in Sources */ = {isa = PBXBuildFile; fileRef = 05FE3EA10F3E1BE500EE7FB9 /* CXMLDocument_CreationExtensions.m */; };
		05FE3EB30F3E1BE500EE7FB9 /* CXMLDocument_PrivateExtensions.m in Sources */ = {isa = PBXBuildFile; fileRef = 05FE3EA30F3E1BE500EE7FB9 /* CXMLDocument_PrivateExtensions.m */; };
		05FE3EB40F3E1BE500EE7FB9 /* CXMLElement.m in Sources */ = {isa = PBXBuildFile; fileRef = 05FE3EA50F3E1BE500EE7FB9 /* CXMLElement.m */; };
		05FE3EB50F3E1BE500EE7FB9 /* CXMLElement_CreationExtensions.m in Sources */ = {isa = PBXBuildFile; fileRef = 05FE3EA70F3E1BE500EE7FB9 /* CXMLElement_CreationExtensions.m */; };
		05FE3EB60F3E1BE500EE7FB9 /* CXMLNode.m in Sources */ = {isa = PBXBuildFile; fileRef = 05FE3EA90F3E1BE500EE7FB9 /* CXMLNode.m */; };
		05FE3EB70F3E1BE500EE7FB9 /* CXMLNode_CreationExtensions.m in Sources */ = {isa = PBXBuildFile; fileRef = 05FE3EAB0F3E1BE500EE7FB9 /* CXMLNode_CreationExtensions.m */; };
		05FE3EB80F3E1BE500EE7FB9 /* CXMLNode_PrivateExtensions.m in Sources */ = {isa = PBXBuildFile; fileRef = 05FE3EAD0F3E1BE500EE7FB9 /* CXMLNode_PrivateExtensions.m */; };
		05FE3EB90F3E1BE500EE7FB9 /* CXMLNode_XPathExtensions.m in Sources */ = {isa = PBXBuildFile; fileRef = 05FE3EAF0F3E1BE500EE7FB9 /* CXMLNode_XPathExtensions.m */; };
		1D3623260D0F684500981E51 /* BuildWatchAppDelegate.m in Sources */ = {isa = PBXBuildFile; fileRef = 1D3623250D0F684500981E51 /* BuildWatchAppDelegate.m */; };
		1D60589B0D05DD56006BFB54 /* main.m in Sources */ = {isa = PBXBuildFile; fileRef = 29B97316FDCFA39411CA2CEA /* main.m */; };
		1D60589F0D05DD5A006BFB54 /* Foundation.framework in Frameworks */ = {isa = PBXBuildFile; fileRef = 1D30AB110D05D00D00671497 /* Foundation.framework */; };
		1DF5F4E00D08C38300B7A737 /* UIKit.framework in Frameworks */ = {isa = PBXBuildFile; fileRef = 1DF5F4DF0D08C38300B7A737 /* UIKit.framework */; };
		2892E4100DC94CBA00A64D0F /* CoreGraphics.framework in Frameworks */ = {isa = PBXBuildFile; fileRef = 2892E40F0DC94CBA00A64D0F /* CoreGraphics.framework */; };
		28C286E10D94DF7D0034E888 /* ServerViewController.m in Sources */ = {isa = PBXBuildFile; fileRef = 28C286E00D94DF7D0034E888 /* ServerViewController.m */; };
		9114658D0F460949002A4BAB /* UIColor+BuildWatchColors.m in Sources */ = {isa = PBXBuildFile; fileRef = 9114658C0F460949002A4BAB /* UIColor+BuildWatchColors.m */; };
		911EDBD20F3CA58A00E17BC0 /* RegexKitLite.m in Sources */ = {isa = PBXBuildFile; fileRef = 911EDBD10F3CA58A00E17BC0 /* RegexKitLite.m */; };
		911EDDFE0F3D0DC300E17BC0 /* UIServerDataRefresher.m in Sources */ = {isa = PBXBuildFile; fileRef = 911EDDFD0F3D0DC300E17BC0 /* UIServerDataRefresher.m */; };
		911EDE2F0F3D1B0D00E17BC0 /* UIServerDataRefresherDelegate.m in Sources */ = {isa = PBXBuildFile; fileRef = 911EDE2E0F3D1B0D00E17BC0 /* UIServerDataRefresherDelegate.m */; };
		9149DF710F39053200A0E32C /* MainWindow.xib in Resources */ = {isa = PBXBuildFile; fileRef = 9149DF6D0F39053200A0E32C /* MainWindow.xib */; };
		9149DF720F39053200A0E32C /* ServerView.xib in Resources */ = {isa = PBXBuildFile; fileRef = 9149DF6F0F39053200A0E32C /* ServerView.xib */; };
		9149E0010F39142400A0E32C /* ProjectsViewController.m in Sources */ = {isa = PBXBuildFile; fileRef = 9149E0000F39142400A0E32C /* ProjectsViewController.m */; };
		9149E0040F39167600A0E32C /* ProjectsView.xib in Resources */ = {isa = PBXBuildFile; fileRef = 9149E0020F39167600A0E32C /* ProjectsView.xib */; };
		917151D20F450F9100270997 /* ProjectTableViewCell.xib in Resources */ = {isa = PBXBuildFile; fileRef = 917151D00F450F9100270997 /* ProjectTableViewCell.xib */; };
		917151D70F450FF800270997 /* ProjectTableViewCell.m in Sources */ = {isa = PBXBuildFile; fileRef = 917151D60F450FF800270997 /* ProjectTableViewCell.m */; };
		918179D20F49D629009C7617 /* NSDate+IsToday.m in Sources */ = {isa = PBXBuildFile; fileRef = 918179D10F49D629009C7617 /* NSDate+IsToday.m */; };
		918179DE0F49DC64009C7617 /* NSDate+StringHelpers.m in Sources */ = {isa = PBXBuildFile; fileRef = 918179DD0F49DC64009C7617 /* NSDate+StringHelpers.m */; };
		918449EA0F4206F800082108 /* ServerTableViewCell.m in Sources */ = {isa = PBXBuildFile; fileRef = 918449E90F4206F800082108 /* ServerTableViewCell.m */; };
		91844BA80F42459D00082108 /* ProjectLabels.plist in Resources */ = {isa = PBXBuildFile; fileRef = 91844BA70F42459D00082108 /* ProjectLabels.plist */; };
		91ABDE280F4120A1003232A0 /* ServerTableViewCell.xib in Resources */ = {isa = PBXBuildFile; fileRef = 91ABDE260F4120A1003232A0 /* ServerTableViewCell.xib */; };
		91D9ABD40F3DFE350035454C /* Servers.plist in Resources */ = {isa = PBXBuildFile; fileRef = 91D9ABD30F3DFE350035454C /* Servers.plist */; };
		91D9ABD80F3E01DE0035454C /* ServerGroupPatterns.plist in Resources */ = {isa = PBXBuildFile; fileRef = 91D9ABD70F3E01DE0035454C /* ServerGroupPatterns.plist */; };
		91D9ABDA0F3E02BE0035454C /* ProjectDisplayNames.plist in Resources */ = {isa = PBXBuildFile; fileRef = 91D9ABD90F3E02BE0035454C /* ProjectDisplayNames.plist */; };
		91D9ABDC0F3E03B50035454C /* ProjectTrackedStates.plist in Resources */ = {isa = PBXBuildFile; fileRef = 91D9ABDB0F3E03B50035454C /* ProjectTrackedStates.plist */; };
		91D9AC570F3E12A60035454C /* ServerNames.plist in Resources */ = {isa = PBXBuildFile; fileRef = 91D9AC560F3E12A60035454C /* ServerNames.plist */; };
		91D9ADDC0F3E3B050035454C /* AboutView.xib in Resources */ = {isa = PBXBuildFile; fileRef = 91D9ADDA0F3E3B050035454C /* AboutView.xib */; };
		91D9ADE20F3E47720035454C /* AboutDisplayer.m in Sources */ = {isa = PBXBuildFile; fileRef = 91D9ADE10F3E47720035454C /* AboutDisplayer.m */; };
		91E151B20F409FC2006D6A59 /* ProjectLinks.plist in Resources */ = {isa = PBXBuildFile; fileRef = 91E151B10F409FC2006D6A59 /* ProjectLinks.plist */; };
		91E1523E0F40B792006D6A59 /* ProjectBuildSucceededStates.plist in Resources */ = {isa = PBXBuildFile; fileRef = 91E1523B0F40B792006D6A59 /* ProjectBuildSucceededStates.plist */; };
		91E1523F0F40B792006D6A59 /* ProjectDescriptions.plist in Resources */ = {isa = PBXBuildFile; fileRef = 91E1523C0F40B792006D6A59 /* ProjectDescriptions.plist */; };
		91E152400F40B792006D6A59 /* ProjectPubDates.plist in Resources */ = {isa = PBXBuildFile; fileRef = 91E1523D0F40B792006D6A59 /* ProjectPubDates.plist */; };
		91F09AA50F3A63370034528C /* ProjectReport.m in Sources */ = {isa = PBXBuildFile; fileRef = 91F09AA40F3A63370034528C /* ProjectReport.m */; };
		91F09AA80F3A657B0034528C /* ServerReport.m in Sources */ = {isa = PBXBuildFile; fileRef = 91F09AA70F3A657B0034528C /* ServerReport.m */; };
		91F09AD80F3A69A50034528C /* MockBuildService.m in Sources */ = {isa = PBXBuildFile; fileRef = 91F09AD70F3A69A50034528C /* MockBuildService.m */; };
		91F817570F43C7CE0078D366 /* IconWithoutShine.png in Resources */ = {isa = PBXBuildFile; fileRef = 91F817560F43C7CE0078D366 /* IconWithoutShine.png */; };
/* End PBXBuildFile section */

/* Begin PBXFileReference section */
		0524CCBA0F3C86DB00C020FE /* en */ = {isa = PBXFileReference; lastKnownFileType = file.xib; name = en; path = en.lproj/AddServerView.xib; sourceTree = "<group>"; };
		0524CCDD0F3C8A0900C020FE /* AddServerViewController.h */ = {isa = PBXFileReference; fileEncoding = 4; lastKnownFileType = sourcecode.c.h; path = AddServerViewController.h; sourceTree = "<group>"; };
		0524CCDE0F3C8A0900C020FE /* AddServerViewController.m */ = {isa = PBXFileReference; fileEncoding = 4; lastKnownFileType = sourcecode.c.objc; path = AddServerViewController.m; sourceTree = "<group>"; };
		0524CD850F3C9DC000C020FE /* AddServerViewControllerDelegate.h */ = {isa = PBXFileReference; fileEncoding = 4; lastKnownFileType = sourcecode.c.h; path = AddServerViewControllerDelegate.h; sourceTree = "<group>"; };
		0524CE380F3CBA5F00C020FE /* EditServerDetailsViewController.h */ = {isa = PBXFileReference; fileEncoding = 4; lastKnownFileType = sourcecode.c.h; path = EditServerDetailsViewController.h; sourceTree = "<group>"; };
		0524CE390F3CBA5F00C020FE /* EditServerDetailsViewController.m */ = {isa = PBXFileReference; fileEncoding = 4; lastKnownFileType = sourcecode.c.objc; path = EditServerDetailsViewController.m; sourceTree = "<group>"; };
		0524CE5D0F3CBC6600C020FE /* en */ = {isa = PBXFileReference; lastKnownFileType = file.xib; name = en; path = en.lproj/EditServerDetailsView.xib; sourceTree = "<group>"; };
		0524CEFC0F3CE52E00C020FE /* EditServerDetailsViewControllerDelegate.h */ = {isa = PBXFileReference; fileEncoding = 4; lastKnownFileType = sourcecode.c.h; path = EditServerDetailsViewControllerDelegate.h; sourceTree = "<group>"; };
		053A950D0F3B99230092763D /* ProjectReporter.h */ = {isa = PBXFileReference; fileEncoding = 4; lastKnownFileType = sourcecode.c.h; path = ProjectReporter.h; sourceTree = "<group>"; };
		053A95100F3B998B0092763D /* UIProjectReporter.h */ = {isa = PBXFileReference; fileEncoding = 4; lastKnownFileType = sourcecode.c.h; path = UIProjectReporter.h; sourceTree = "<group>"; };
		053A95110F3B998B0092763D /* UIProjectReporter.m */ = {isa = PBXFileReference; fileEncoding = 4; lastKnownFileType = sourcecode.c.objc; path = UIProjectReporter.m; sourceTree = "<group>"; };
		053A95130F3B9BF60092763D /* ProjectReportViewController.h */ = {isa = PBXFileReference; fileEncoding = 4; lastKnownFileType = sourcecode.c.h; path = ProjectReportViewController.h; sourceTree = "<group>"; };
		053A95140F3B9BF60092763D /* ProjectReportViewController.m */ = {isa = PBXFileReference; fileEncoding = 4; lastKnownFileType = sourcecode.c.objc; path = ProjectReportViewController.m; sourceTree = "<group>"; };
		054462900F4932A20070ABBB /* NSString+BuildWatchAdditions.h */ = {isa = PBXFileReference; fileEncoding = 4; lastKnownFileType = sourcecode.c.h; path = "NSString+BuildWatchAdditions.h"; sourceTree = "<group>"; };
		054462910F4932A20070ABBB /* NSString+BuildWatchAdditions.m */ = {isa = PBXFileReference; fileEncoding = 4; lastKnownFileType = sourcecode.c.objc; path = "NSString+BuildWatchAdditions.m"; sourceTree = "<group>"; };
		054462930F4932F60070ABBB /* XmlBoolObjectBuilder.h */ = {isa = PBXFileReference; fileEncoding = 4; lastKnownFileType = sourcecode.c.h; path = XmlBoolObjectBuilder.h; sourceTree = "<group>"; };
		054462940F4932F60070ABBB /* XmlBoolObjectBuilder.m */ = {isa = PBXFileReference; fileEncoding = 4; lastKnownFileType = sourcecode.c.objc; path = XmlBoolObjectBuilder.m; sourceTree = "<group>"; };
		054462950F4932F60070ABBB /* XmlCompositeObjectBuilder.h */ = {isa = PBXFileReference; fileEncoding = 4; lastKnownFileType = sourcecode.c.h; path = XmlCompositeObjectBuilder.h; sourceTree = "<group>"; };
		054462960F4932F60070ABBB /* XmlCompositeObjectBuilder.m */ = {isa = PBXFileReference; fileEncoding = 4; lastKnownFileType = sourcecode.c.objc; path = XmlCompositeObjectBuilder.m; sourceTree = "<group>"; };
		054462970F4932F60070ABBB /* XmlDateObjectBuilder.h */ = {isa = PBXFileReference; fileEncoding = 4; lastKnownFileType = sourcecode.c.h; path = XmlDateObjectBuilder.h; sourceTree = "<group>"; };
		054462980F4932F60070ABBB /* XmlDateObjectBuilder.m */ = {isa = PBXFileReference; fileEncoding = 4; lastKnownFileType = sourcecode.c.objc; path = XmlDateObjectBuilder.m; sourceTree = "<group>"; };
		054462990F4932F60070ABBB /* XmlObjectBuilder.h */ = {isa = PBXFileReference; fileEncoding = 4; lastKnownFileType = sourcecode.c.h; path = XmlObjectBuilder.h; sourceTree = "<group>"; };
		0544629A0F4932F60070ABBB /* XmlRegexObjectBuilder.h */ = {isa = PBXFileReference; fileEncoding = 4; lastKnownFileType = sourcecode.c.h; path = XmlRegexObjectBuilder.h; sourceTree = "<group>"; };
		0544629B0F4932F60070ABBB /* XmlRegexObjectBuilder.m */ = {isa = PBXFileReference; fileEncoding = 4; lastKnownFileType = sourcecode.c.objc; path = XmlRegexObjectBuilder.m; sourceTree = "<group>"; };
		0544629C0F4932F60070ABBB /* XmlSimpleObjectBuilder.h */ = {isa = PBXFileReference; fileEncoding = 4; lastKnownFileType = sourcecode.c.h; path = XmlSimpleObjectBuilder.h; sourceTree = "<group>"; };
		0544629D0F4932F60070ABBB /* XmlSimpleObjectBuilder.m */ = {isa = PBXFileReference; fileEncoding = 4; lastKnownFileType = sourcecode.c.objc; path = XmlSimpleObjectBuilder.m; sourceTree = "<group>"; };
		054462A90F49335A0070ABBB /* PListBuildWatchPersistentStore.h */ = {isa = PBXFileReference; fileEncoding = 4; lastKnownFileType = sourcecode.c.h; path = PListBuildWatchPersistentStore.h; sourceTree = "<group>"; };
		054462AA0F49335A0070ABBB /* PListBuildWatchPersistentStore.m */ = {isa = PBXFileReference; fileEncoding = 4; lastKnownFileType = sourcecode.c.objc; path = PListBuildWatchPersistentStore.m; sourceTree = "<group>"; };
		054462AB0F49335A0070ABBB /* PListUtils.h */ = {isa = PBXFileReference; fileEncoding = 4; lastKnownFileType = sourcecode.c.h; path = PListUtils.h; sourceTree = "<group>"; };
		054462AC0F49335A0070ABBB /* PListUtils.m */ = {isa = PBXFileReference; fileEncoding = 4; lastKnownFileType = sourcecode.c.objc; path = PListUtils.m; sourceTree = "<group>"; };
		054462B20F4933C10070ABBB /* NSError+BuildWatchAdditions.h */ = {isa = PBXFileReference; fileEncoding = 4; lastKnownFileType = sourcecode.c.h; path = "NSError+BuildWatchAdditions.h"; sourceTree = "<group>"; };
		054462B30F4933C10070ABBB /* NSError+BuildWatchAdditions.m */ = {isa = PBXFileReference; fileEncoding = 4; lastKnownFileType = sourcecode.c.objc; path = "NSError+BuildWatchAdditions.m"; sourceTree = "<group>"; };
		05473A6A0F44AD4C003F5444 /* ProjectForceBuildLinks.plist */ = {isa = PBXFileReference; fileEncoding = 4; lastKnownFileType = text.plist.xml; path = ProjectForceBuildLinks.plist; sourceTree = "<group>"; };
		05473C460F44E45E003F5444 /* checkmark.png */ = {isa = PBXFileReference; lastKnownFileType = image.png; path = checkmark.png; sourceTree = "<group>"; };
		057CDAFB0F42799D00B63112 /* BuildDetailsViewController.h */ = {isa = PBXFileReference; fileEncoding = 4; lastKnownFileType = sourcecode.c.h; path = BuildDetailsViewController.h; sourceTree = "<group>"; };
		057CDAFC0F42799D00B63112 /* BuildDetailsViewController.m */ = {isa = PBXFileReference; fileEncoding = 4; lastKnownFileType = sourcecode.c.objc; path = BuildDetailsViewController.m; sourceTree = "<group>"; };
		059CBD470F3BA40900010F3F /* en */ = {isa = PBXFileReference; fileEncoding = 10; lastKnownFileType = text.plist.strings; name = en; path = en.lproj/Localizable.strings; sourceTree = "<group>"; };
		059CBDC10F3BAE7400010F3F /* en */ = {isa = PBXFileReference; lastKnownFileType = file.xib; name = en; path = en.lproj/ProjectReportView.xib; sourceTree = "<group>"; };
		059CBE080F3BC7C800010F3F /* Icon.png */ = {isa = PBXFileReference; lastKnownFileType = image.png; path = Icon.png; sourceTree = "<group>"; };
		059CBF210F3C7BB100010F3F /* ServerGroupCreator.h */ = {isa = PBXFileReference; fileEncoding = 4; lastKnownFileType = sourcecode.c.h; path = ServerGroupCreator.h; sourceTree = "<group>"; };
		059CBF250F3C7E6D00010F3F /* ServerGroupCreatorDelegate.h */ = {isa = PBXFileReference; fileEncoding = 4; lastKnownFileType = sourcecode.c.h; path = ServerGroupCreatorDelegate.h; sourceTree = "<group>"; };
		059CBF2C0F3C821900010F3F /* UIServerGroupCreator.h */ = {isa = PBXFileReference; fileEncoding = 4; lastKnownFileType = sourcecode.c.h; path = UIServerGroupCreator.h; sourceTree = "<group>"; };
		059CBF2D0F3C821900010F3F /* UIServerGroupCreator.m */ = {isa = PBXFileReference; fileEncoding = 4; lastKnownFileType = sourcecode.c.objc; path = UIServerGroupCreator.m; sourceTree = "<group>"; };
		05A1001D0F42681B00E2C085 /* en */ = {isa = PBXFileReference; lastKnownFileType = file.xib; name = en; path = en.lproj/BuildDetailsView.xib; sourceTree = "<group>"; };
		05A1FD9D0F42225200E2C085 /* en */ = {isa = PBXFileReference; lastKnownFileType = file.xib; name = en; path = en.lproj/NameValueTableViewCell.xib; sourceTree = "<group>"; };
		05A1FDA00F42237E00E2C085 /* NameValueTableViewCell.h */ = {isa = PBXFileReference; fileEncoding = 4; lastKnownFileType = sourcecode.c.h; path = NameValueTableViewCell.h; sourceTree = "<group>"; };
		05A1FDA10F42237E00E2C085 /* NameValueTableViewCell.m */ = {isa = PBXFileReference; fileEncoding = 4; lastKnownFileType = sourcecode.c.objc; path = NameValueTableViewCell.m; sourceTree = "<group>"; };
		05A1FF8E0F425F3E00E2C085 /* build-succeeded.png */ = {isa = PBXFileReference; lastKnownFileType = image.png; path = "build-succeeded.png"; sourceTree = "<group>"; };
		05A1FF920F425F7A00E2C085 /* build-broken.png */ = {isa = PBXFileReference; lastKnownFileType = image.png; path = "build-broken.png"; sourceTree = "<group>"; };
		05C8834C0F49B82E00E486EA /* ServerReportBuilderFactory.h */ = {isa = PBXFileReference; fileEncoding = 4; lastKnownFileType = sourcecode.c.h; path = ServerReportBuilderFactory.h; sourceTree = "<group>"; };
		05C8834D0F49B82E00E486EA /* ServerReportBuilderFactory.m */ = {isa = PBXFileReference; fileEncoding = 4; lastKnownFileType = sourcecode.c.objc; path = ServerReportBuilderFactory.m; sourceTree = "<group>"; };
		05C883560F49BCD000E486EA /* CcrbServerReportBuilder.h */ = {isa = PBXFileReference; fileEncoding = 4; lastKnownFileType = sourcecode.c.h; path = CcrbServerReportBuilder.h; sourceTree = "<group>"; };
		05C883570F49BCD000E486EA /* CcrbServerReportBuilder.m */ = {isa = PBXFileReference; fileEncoding = 4; lastKnownFileType = sourcecode.c.objc; path = CcrbServerReportBuilder.m; sourceTree = "<group>"; };
		05C883A30F49C88800E486EA /* CcjavaServerReportBuilder.h */ = {isa = PBXFileReference; fileEncoding = 4; lastKnownFileType = sourcecode.c.h; path = CcjavaServerReportBuilder.h; sourceTree = "<group>"; };
		05C883A40F49C88800E486EA /* CcjavaServerReportBuilder.m */ = {isa = PBXFileReference; fileEncoding = 4; lastKnownFileType = sourcecode.c.objc; path = CcjavaServerReportBuilder.m; sourceTree = "<group>"; };
		05C883A60F49C89000E486EA /* CcnetServerReportBuilder.h */ = {isa = PBXFileReference; fileEncoding = 4; lastKnownFileType = sourcecode.c.h; path = CcnetServerReportBuilder.h; sourceTree = "<group>"; };
		05C883A70F49C89000E486EA /* CcnetServerReportBuilder.m */ = {isa = PBXFileReference; fileEncoding = 4; lastKnownFileType = sourcecode.c.objc; path = CcnetServerReportBuilder.m; sourceTree = "<group>"; };
		05C884200F49E72000E486EA /* ServerReportBuilders.plist */ = {isa = PBXFileReference; fileEncoding = 4; lastKnownFileType = text.plist.xml; path = ServerReportBuilders.plist; sourceTree = "<group>"; };
		05D8AF980F43B3DA00F07532 /* en */ = {isa = PBXFileReference; lastKnownFileType = file.xib; name = en; path = en.lproj/ForceBuildTableViewCell.xib; sourceTree = "<group>"; };
		05D8AF9C0F43B57100F07532 /* ForceBuildTableViewCell.h */ = {isa = PBXFileReference; fileEncoding = 4; lastKnownFileType = sourcecode.c.h; path = ForceBuildTableViewCell.h; sourceTree = "<group>"; };
		05D8AF9D0F43B57100F07532 /* ForceBuildTableViewCell.m */ = {isa = PBXFileReference; fileEncoding = 4; lastKnownFileType = sourcecode.c.objc; path = ForceBuildTableViewCell.m; sourceTree = "<group>"; };
		05D8AFBE0F43BB7800F07532 /* BuildForcer.h */ = {isa = PBXFileReference; fileEncoding = 4; lastKnownFileType = sourcecode.c.h; path = BuildForcer.h; sourceTree = "<group>"; };
		05D8AFC10F43BB7F00F07532 /* BuildForcerDelegate.h */ = {isa = PBXFileReference; fileEncoding = 4; lastKnownFileType = sourcecode.c.h; path = BuildForcerDelegate.h; sourceTree = "<group>"; };
		05D8AFE00F43CC3D00F07532 /* GenericBuildForcer.h */ = {isa = PBXFileReference; fileEncoding = 4; lastKnownFileType = sourcecode.c.h; path = GenericBuildForcer.h; sourceTree = "<group>"; };
		05D8AFE10F43CC3D00F07532 /* GenericBuildForcer.m */ = {isa = PBXFileReference; fileEncoding = 4; lastKnownFileType = sourcecode.c.objc; path = GenericBuildForcer.m; sourceTree = "<group>"; };
		05DB30040F48CBD3005E1682 /* XmlConstantValueObjectBuilder.h */ = {isa = PBXFileReference; fileEncoding = 4; lastKnownFileType = sourcecode.c.h; path = XmlConstantValueObjectBuilder.h; sourceTree = "<group>"; };
		05DB30050F48CBD3005E1682 /* XmlConstantValueObjectBuilder.m */ = {isa = PBXFileReference; fileEncoding = 4; lastKnownFileType = sourcecode.c.objc; path = XmlConstantValueObjectBuilder.m; sourceTree = "<group>"; };
		05E911030F3A056F00E646F6 /* BuildWatchAppController.h */ = {isa = PBXFileReference; fileEncoding = 4; lastKnownFileType = sourcecode.c.h; path = BuildWatchAppController.h; sourceTree = "<group>"; };
		05E911040F3A056F00E646F6 /* BuildWatchAppController.m */ = {isa = PBXFileReference; fileEncoding = 4; lastKnownFileType = sourcecode.c.objc; path = BuildWatchAppController.m; sourceTree = "<group>"; };
		05E911070F3A111500E646F6 /* BuildWatchPersistentStore.h */ = {isa = PBXFileReference; fileEncoding = 4; lastKnownFileType = sourcecode.c.h; path = BuildWatchPersistentStore.h; sourceTree = "<group>"; };
		05E9110E0F3A11F700E646F6 /* MockBuildWatchPersistentStore.h */ = {isa = PBXFileReference; fileEncoding = 4; lastKnownFileType = sourcecode.c.h; path = MockBuildWatchPersistentStore.h; sourceTree = "<group>"; };
		05E9110F0F3A11F700E646F6 /* MockBuildWatchPersistentStore.m */ = {isa = PBXFileReference; fileEncoding = 4; lastKnownFileType = sourcecode.c.objc; path = MockBuildWatchPersistentStore.m; sourceTree = "<group>"; };
		05E911E50F3A453300E646F6 /* UIServerGroupNameSelector.h */ = {isa = PBXFileReference; fileEncoding = 4; lastKnownFileType = sourcecode.c.h; path = UIServerGroupNameSelector.h; sourceTree = "<group>"; };
		05E911E60F3A453300E646F6 /* UIServerGroupNameSelector.m */ = {isa = PBXFileReference; fileEncoding = 4; lastKnownFileType = sourcecode.c.objc; path = UIServerGroupNameSelector.m; sourceTree = "<group>"; };
		05E9121A0F3A4E6800E646F6 /* ProjectSelector.h */ = {isa = PBXFileReference; fileEncoding = 4; lastKnownFileType = sourcecode.c.h; path = ProjectSelector.h; sourceTree = "<group>"; };
		05E9121B0F3A4E6800E646F6 /* ProjectSelectorDelegate.h */ = {isa = PBXFileReference; fileEncoding = 4; lastKnownFileType = sourcecode.c.h; path = ProjectSelectorDelegate.h; sourceTree = "<group>"; };
		05E9121C0F3A4E6800E646F6 /* ServerGroupNameSelector.h */ = {isa = PBXFileReference; fileEncoding = 4; lastKnownFileType = sourcecode.c.h; path = ServerGroupNameSelector.h; sourceTree = "<group>"; };
		05E9121D0F3A4E7100E646F6 /* UIProjectSelector.h */ = {isa = PBXFileReference; fileEncoding = 4; lastKnownFileType = sourcecode.c.h; path = UIProjectSelector.h; sourceTree = "<group>"; };
		05E9121E0F3A4E7100E646F6 /* UIProjectSelector.m */ = {isa = PBXFileReference; fileEncoding = 4; lastKnownFileType = sourcecode.c.objc; path = UIProjectSelector.m; sourceTree = "<group>"; };
		05F1867A0F3D1B4300024A3C /* NetworkBuildService.h */ = {isa = PBXFileReference; fileEncoding = 4; lastKnownFileType = sourcecode.c.h; path = NetworkBuildService.h; sourceTree = "<group>"; };
		05F1867B0F3D1B4300024A3C /* NetworkBuildService.m */ = {isa = PBXFileReference; fileEncoding = 4; lastKnownFileType = sourcecode.c.objc; path = NetworkBuildService.m; sourceTree = "<group>"; };
		05F1868B0F3D21AC00024A3C /* BuildStatusUpdater.h */ = {isa = PBXFileReference; fileEncoding = 4; lastKnownFileType = sourcecode.c.h; path = BuildStatusUpdater.h; sourceTree = "<group>"; };
		05F186900F3D21BE00024A3C /* BuildStatusUpdaterDelegate.h */ = {isa = PBXFileReference; fileEncoding = 4; lastKnownFileType = sourcecode.c.h; path = BuildStatusUpdaterDelegate.h; sourceTree = "<group>"; };
		05F186930F3D21C700024A3C /* NetworkBuildStatusUpdater.h */ = {isa = PBXFileReference; fileEncoding = 4; lastKnownFileType = sourcecode.c.h; path = NetworkBuildStatusUpdater.h; sourceTree = "<group>"; };
		05F186980F3D223D00024A3C /* NetworkBuildStatusUpdater.m */ = {isa = PBXFileReference; fileEncoding = 4; lastKnownFileType = sourcecode.c.objc; path = NetworkBuildStatusUpdater.m; sourceTree = "<group>"; };
		05F186C20F3D228500024A3C /* ProjectReporterDelegate.h */ = {isa = PBXFileReference; fileEncoding = 4; lastKnownFileType = sourcecode.c.h; path = ProjectReporterDelegate.h; sourceTree = "<group>"; };
		05FE3CA00F3DF9E000EE7FB9 /* ServerReportBuilder.h */ = {isa = PBXFileReference; fileEncoding = 4; lastKnownFileType = sourcecode.c.h; path = ServerReportBuilder.h; sourceTree = "<group>"; };
		05FE3CA50F3DFAD600EE7FB9 /* GenericServerReportBuilder.h */ = {isa = PBXFileReference; fileEncoding = 4; lastKnownFileType = sourcecode.c.h; path = GenericServerReportBuilder.h; sourceTree = "<group>"; };
		05FE3CA60F3DFAD600EE7FB9 /* GenericServerReportBuilder.m */ = {isa = PBXFileReference; fileEncoding = 4; lastKnownFileType = sourcecode.c.objc; path = GenericServerReportBuilder.m; sourceTree = "<group>"; };
		05FE3CFC0F3E010A00EE7FB9 /* NSDate+BuildServiceAdditions.h */ = {isa = PBXFileReference; fileEncoding = 4; lastKnownFileType = sourcecode.c.h; path = "NSDate+BuildServiceAdditions.h"; sourceTree = "<group>"; };
		05FE3CFD0F3E010A00EE7FB9 /* NSDate+BuildServiceAdditions.m */ = {isa = PBXFileReference; fileEncoding = 4; lastKnownFileType = sourcecode.c.objc; path = "NSDate+BuildServiceAdditions.m"; sourceTree = "<group>"; };
		05FE3E9E0F3E1BE500EE7FB9 /* CXMLDocument.h */ = {isa = PBXFileReference; fileEncoding = 4; lastKnownFileType = sourcecode.c.h; path = CXMLDocument.h; sourceTree = "<group>"; };
		05FE3E9F0F3E1BE500EE7FB9 /* CXMLDocument.m */ = {isa = PBXFileReference; fileEncoding = 4; lastKnownFileType = sourcecode.c.objc; path = CXMLDocument.m; sourceTree = "<group>"; };
		05FE3EA00F3E1BE500EE7FB9 /* CXMLDocument_CreationExtensions.h */ = {isa = PBXFileReference; fileEncoding = 4; lastKnownFileType = sourcecode.c.h; path = CXMLDocument_CreationExtensions.h; sourceTree = "<group>"; };
		05FE3EA10F3E1BE500EE7FB9 /* CXMLDocument_CreationExtensions.m */ = {isa = PBXFileReference; fileEncoding = 4; lastKnownFileType = sourcecode.c.objc; path = CXMLDocument_CreationExtensions.m; sourceTree = "<group>"; };
		05FE3EA20F3E1BE500EE7FB9 /* CXMLDocument_PrivateExtensions.h */ = {isa = PBXFileReference; fileEncoding = 4; lastKnownFileType = sourcecode.c.h; path = CXMLDocument_PrivateExtensions.h; sourceTree = "<group>"; };
		05FE3EA30F3E1BE500EE7FB9 /* CXMLDocument_PrivateExtensions.m */ = {isa = PBXFileReference; fileEncoding = 4; lastKnownFileType = sourcecode.c.objc; path = CXMLDocument_PrivateExtensions.m; sourceTree = "<group>"; };
		05FE3EA40F3E1BE500EE7FB9 /* CXMLElement.h */ = {isa = PBXFileReference; fileEncoding = 4; lastKnownFileType = sourcecode.c.h; path = CXMLElement.h; sourceTree = "<group>"; };
		05FE3EA50F3E1BE500EE7FB9 /* CXMLElement.m */ = {isa = PBXFileReference; fileEncoding = 4; lastKnownFileType = sourcecode.c.objc; path = CXMLElement.m; sourceTree = "<group>"; };
		05FE3EA60F3E1BE500EE7FB9 /* CXMLElement_CreationExtensions.h */ = {isa = PBXFileReference; fileEncoding = 4; lastKnownFileType = sourcecode.c.h; path = CXMLElement_CreationExtensions.h; sourceTree = "<group>"; };
		05FE3EA70F3E1BE500EE7FB9 /* CXMLElement_CreationExtensions.m */ = {isa = PBXFileReference; fileEncoding = 4; lastKnownFileType = sourcecode.c.objc; path = CXMLElement_CreationExtensions.m; sourceTree = "<group>"; };
		05FE3EA80F3E1BE500EE7FB9 /* CXMLNode.h */ = {isa = PBXFileReference; fileEncoding = 4; lastKnownFileType = sourcecode.c.h; path = CXMLNode.h; sourceTree = "<group>"; };
		05FE3EA90F3E1BE500EE7FB9 /* CXMLNode.m */ = {isa = PBXFileReference; fileEncoding = 4; lastKnownFileType = sourcecode.c.objc; path = CXMLNode.m; sourceTree = "<group>"; };
		05FE3EAA0F3E1BE500EE7FB9 /* CXMLNode_CreationExtensions.h */ = {isa = PBXFileReference; fileEncoding = 4; lastKnownFileType = sourcecode.c.h; path = CXMLNode_CreationExtensions.h; sourceTree = "<group>"; };
		05FE3EAB0F3E1BE500EE7FB9 /* CXMLNode_CreationExtensions.m */ = {isa = PBXFileReference; fileEncoding = 4; lastKnownFileType = sourcecode.c.objc; path = CXMLNode_CreationExtensions.m; sourceTree = "<group>"; };
		05FE3EAC0F3E1BE500EE7FB9 /* CXMLNode_PrivateExtensions.h */ = {isa = PBXFileReference; fileEncoding = 4; lastKnownFileType = sourcecode.c.h; path = CXMLNode_PrivateExtensions.h; sourceTree = "<group>"; };
		05FE3EAD0F3E1BE500EE7FB9 /* CXMLNode_PrivateExtensions.m */ = {isa = PBXFileReference; fileEncoding = 4; lastKnownFileType = sourcecode.c.objc; path = CXMLNode_PrivateExtensions.m; sourceTree = "<group>"; };
		05FE3EAE0F3E1BE500EE7FB9 /* CXMLNode_XPathExtensions.h */ = {isa = PBXFileReference; fileEncoding = 4; lastKnownFileType = sourcecode.c.h; path = CXMLNode_XPathExtensions.h; sourceTree = "<group>"; };
		05FE3EAF0F3E1BE500EE7FB9 /* CXMLNode_XPathExtensions.m */ = {isa = PBXFileReference; fileEncoding = 4; lastKnownFileType = sourcecode.c.objc; path = CXMLNode_XPathExtensions.m; sourceTree = "<group>"; };
		05FE3EB00F3E1BE500EE7FB9 /* TouchXML.h */ = {isa = PBXFileReference; fileEncoding = 4; lastKnownFileType = sourcecode.c.h; path = TouchXML.h; sourceTree = "<group>"; };
		1D30AB110D05D00D00671497 /* Foundation.framework */ = {isa = PBXFileReference; lastKnownFileType = wrapper.framework; name = Foundation.framework; path = System/Library/Frameworks/Foundation.framework; sourceTree = SDKROOT; };
		1D3623240D0F684500981E51 /* BuildWatchAppDelegate.h */ = {isa = PBXFileReference; fileEncoding = 4; lastKnownFileType = sourcecode.c.h; path = BuildWatchAppDelegate.h; sourceTree = "<group>"; };
		1D3623250D0F684500981E51 /* BuildWatchAppDelegate.m */ = {isa = PBXFileReference; fileEncoding = 4; lastKnownFileType = sourcecode.c.objc; path = BuildWatchAppDelegate.m; sourceTree = "<group>"; };
		1D6058910D05DD3D006BFB54 /* Build Watch.app */ = {isa = PBXFileReference; explicitFileType = wrapper.application; includeInIndex = 0; path = "Build Watch.app"; sourceTree = BUILT_PRODUCTS_DIR; };
		1DF5F4DF0D08C38300B7A737 /* UIKit.framework */ = {isa = PBXFileReference; lastKnownFileType = wrapper.framework; name = UIKit.framework; path = System/Library/Frameworks/UIKit.framework; sourceTree = SDKROOT; };
		2892E40F0DC94CBA00A64D0F /* CoreGraphics.framework */ = {isa = PBXFileReference; lastKnownFileType = wrapper.framework; name = CoreGraphics.framework; path = System/Library/Frameworks/CoreGraphics.framework; sourceTree = SDKROOT; };
		28A0AAE50D9B0CCF005BE974 /* build_watch_Prefix.pch */ = {isa = PBXFileReference; fileEncoding = 4; lastKnownFileType = sourcecode.c.h; path = build_watch_Prefix.pch; sourceTree = "<group>"; };
		28C286DF0D94DF7D0034E888 /* ServerViewController.h */ = {isa = PBXFileReference; fileEncoding = 4; lastKnownFileType = sourcecode.c.h; path = ServerViewController.h; sourceTree = "<group>"; };
		28C286E00D94DF7D0034E888 /* ServerViewController.m */ = {isa = PBXFileReference; fileEncoding = 4; lastKnownFileType = sourcecode.c.objc; path = ServerViewController.m; sourceTree = "<group>"; };
		29B97316FDCFA39411CA2CEA /* main.m */ = {isa = PBXFileReference; fileEncoding = 4; lastKnownFileType = sourcecode.c.objc; path = main.m; sourceTree = "<group>"; };
		8D1107310486CEB800E47090 /* Info.plist */ = {isa = PBXFileReference; fileEncoding = 4; lastKnownFileType = text.plist.xml; path = Info.plist; sourceTree = "<group>"; };
		9114658B0F460949002A4BAB /* UIColor+BuildWatchColors.h */ = {isa = PBXFileReference; fileEncoding = 4; lastKnownFileType = sourcecode.c.h; path = "UIColor+BuildWatchColors.h"; sourceTree = "<group>"; };
		9114658C0F460949002A4BAB /* UIColor+BuildWatchColors.m */ = {isa = PBXFileReference; fileEncoding = 4; lastKnownFileType = sourcecode.c.objc; path = "UIColor+BuildWatchColors.m"; sourceTree = "<group>"; };
		911EDBD00F3CA58A00E17BC0 /* RegexKitLite.h */ = {isa = PBXFileReference; fileEncoding = 4; lastKnownFileType = sourcecode.c.h; path = RegexKitLite.h; sourceTree = "<group>"; };
		911EDBD10F3CA58A00E17BC0 /* RegexKitLite.m */ = {isa = PBXFileReference; fileEncoding = 4; lastKnownFileType = sourcecode.c.objc; path = RegexKitLite.m; sourceTree = "<group>"; };
		911EDDE40F3D0C4800E17BC0 /* ServerDataRefresher.h */ = {isa = PBXFileReference; fileEncoding = 4; lastKnownFileType = sourcecode.c.h; path = ServerDataRefresher.h; sourceTree = "<group>"; };
		911EDDFC0F3D0DC300E17BC0 /* UIServerDataRefresher.h */ = {isa = PBXFileReference; fileEncoding = 4; lastKnownFileType = sourcecode.c.h; path = UIServerDataRefresher.h; sourceTree = "<group>"; };
		911EDDFD0F3D0DC300E17BC0 /* UIServerDataRefresher.m */ = {isa = PBXFileReference; fileEncoding = 4; lastKnownFileType = sourcecode.c.objc; path = UIServerDataRefresher.m; sourceTree = "<group>"; };
		911EDE250F3D120700E17BC0 /* ServerDataRefresherDelegate.h */ = {isa = PBXFileReference; fileEncoding = 4; lastKnownFileType = sourcecode.c.h; path = ServerDataRefresherDelegate.h; sourceTree = "<group>"; };
		911EDE2D0F3D1B0D00E17BC0 /* UIServerDataRefresherDelegate.h */ = {isa = PBXFileReference; fileEncoding = 4; lastKnownFileType = sourcecode.c.h; path = UIServerDataRefresherDelegate.h; sourceTree = "<group>"; };
		911EDE2E0F3D1B0D00E17BC0 /* UIServerDataRefresherDelegate.m */ = {isa = PBXFileReference; fileEncoding = 4; lastKnownFileType = sourcecode.c.objc; path = UIServerDataRefresherDelegate.m; sourceTree = "<group>"; };
		9149DF6E0F39053200A0E32C /* en */ = {isa = PBXFileReference; lastKnownFileType = file.xib; name = en; path = en.lproj/MainWindow.xib; sourceTree = "<group>"; };
		9149DF700F39053200A0E32C /* en */ = {isa = PBXFileReference; lastKnownFileType = file.xib; name = en; path = en.lproj/ServerView.xib; sourceTree = "<group>"; };
		9149DFFF0F39142400A0E32C /* ProjectsViewController.h */ = {isa = PBXFileReference; fileEncoding = 4; lastKnownFileType = sourcecode.c.h; path = ProjectsViewController.h; sourceTree = "<group>"; };
		9149E0000F39142400A0E32C /* ProjectsViewController.m */ = {isa = PBXFileReference; fileEncoding = 4; lastKnownFileType = sourcecode.c.objc; path = ProjectsViewController.m; sourceTree = "<group>"; };
		9149E0030F39167600A0E32C /* en */ = {isa = PBXFileReference; lastKnownFileType = file.xib; name = en; path = en.lproj/ProjectsView.xib; sourceTree = "<group>"; };
		917151D10F450F9100270997 /* en */ = {isa = PBXFileReference; lastKnownFileType = file.xib; name = en; path = en.lproj/ProjectTableViewCell.xib; sourceTree = "<group>"; };
		917151D50F450FF800270997 /* ProjectTableViewCell.h */ = {isa = PBXFileReference; fileEncoding = 4; lastKnownFileType = sourcecode.c.h; path = ProjectTableViewCell.h; sourceTree = "<group>"; };
		917151D60F450FF800270997 /* ProjectTableViewCell.m */ = {isa = PBXFileReference; fileEncoding = 4; lastKnownFileType = sourcecode.c.objc; path = ProjectTableViewCell.m; sourceTree = "<group>"; };
		918179D00F49D629009C7617 /* NSDate+IsToday.h */ = {isa = PBXFileReference; fileEncoding = 4; lastKnownFileType = sourcecode.c.h; path = "NSDate+IsToday.h"; sourceTree = "<group>"; };
		918179D10F49D629009C7617 /* NSDate+IsToday.m */ = {isa = PBXFileReference; fileEncoding = 4; lastKnownFileType = sourcecode.c.objc; path = "NSDate+IsToday.m"; sourceTree = "<group>"; };
		918179DC0F49DC64009C7617 /* NSDate+StringHelpers.h */ = {isa = PBXFileReference; fileEncoding = 4; lastKnownFileType = sourcecode.c.h; path = "NSDate+StringHelpers.h"; sourceTree = "<group>"; };
		918179DD0F49DC64009C7617 /* NSDate+StringHelpers.m */ = {isa = PBXFileReference; fileEncoding = 4; lastKnownFileType = sourcecode.c.objc; path = "NSDate+StringHelpers.m"; sourceTree = "<group>"; };
		918449E80F4206F800082108 /* ServerTableViewCell.h */ = {isa = PBXFileReference; fileEncoding = 4; lastKnownFileType = sourcecode.c.h; path = ServerTableViewCell.h; sourceTree = "<group>"; };
		918449E90F4206F800082108 /* ServerTableViewCell.m */ = {isa = PBXFileReference; fileEncoding = 4; lastKnownFileType = sourcecode.c.objc; path = ServerTableViewCell.m; sourceTree = "<group>"; };
		91844BA70F42459D00082108 /* ProjectLabels.plist */ = {isa = PBXFileReference; fileEncoding = 4; lastKnownFileType = text.plist.xml; path = ProjectLabels.plist; sourceTree = "<group>"; };
		91ABDE270F4120A1003232A0 /* en */ = {isa = PBXFileReference; lastKnownFileType = file.xib; name = en; path = en.lproj/ServerTableViewCell.xib; sourceTree = "<group>"; };
		91D9ABD30F3DFE350035454C /* Servers.plist */ = {isa = PBXFileReference; fileEncoding = 4; lastKnownFileType = text.plist.xml; path = Servers.plist; sourceTree = "<group>"; };
		91D9ABD70F3E01DE0035454C /* ServerGroupPatterns.plist */ = {isa = PBXFileReference; fileEncoding = 4; lastKnownFileType = text.plist.xml; path = ServerGroupPatterns.plist; sourceTree = "<group>"; };
		91D9ABD90F3E02BE0035454C /* ProjectDisplayNames.plist */ = {isa = PBXFileReference; fileEncoding = 4; lastKnownFileType = text.plist.xml; path = ProjectDisplayNames.plist; sourceTree = "<group>"; };
		91D9ABDB0F3E03B50035454C /* ProjectTrackedStates.plist */ = {isa = PBXFileReference; fileEncoding = 4; lastKnownFileType = text.plist.xml; path = ProjectTrackedStates.plist; sourceTree = "<group>"; };
		91D9AC560F3E12A60035454C /* ServerNames.plist */ = {isa = PBXFileReference; fileEncoding = 4; lastKnownFileType = text.plist.xml; path = ServerNames.plist; sourceTree = "<group>"; };
		91D9ADDB0F3E3B050035454C /* en */ = {isa = PBXFileReference; lastKnownFileType = file.xib; name = en; path = en.lproj/AboutView.xib; sourceTree = "<group>"; };
		91D9ADE00F3E47720035454C /* AboutDisplayer.h */ = {isa = PBXFileReference; fileEncoding = 4; lastKnownFileType = sourcecode.c.h; path = AboutDisplayer.h; sourceTree = "<group>"; };
		91D9ADE10F3E47720035454C /* AboutDisplayer.m */ = {isa = PBXFileReference; fileEncoding = 4; lastKnownFileType = sourcecode.c.objc; path = AboutDisplayer.m; sourceTree = "<group>"; };
		91DC9DB20F3BB3CD003F87CF /* ServerGroupNameSelectorDelegate.h */ = {isa = PBXFileReference; fileEncoding = 4; lastKnownFileType = sourcecode.c.h; path = ServerGroupNameSelectorDelegate.h; sourceTree = "<group>"; };
		91E151B10F409FC2006D6A59 /* ProjectLinks.plist */ = {isa = PBXFileReference; fileEncoding = 4; lastKnownFileType = text.plist.xml; path = ProjectLinks.plist; sourceTree = "<group>"; };
		91E1523B0F40B792006D6A59 /* ProjectBuildSucceededStates.plist */ = {isa = PBXFileReference; fileEncoding = 4; lastKnownFileType = text.plist.xml; path = ProjectBuildSucceededStates.plist; sourceTree = "<group>"; };
		91E1523C0F40B792006D6A59 /* ProjectDescriptions.plist */ = {isa = PBXFileReference; fileEncoding = 4; lastKnownFileType = text.plist.xml; path = ProjectDescriptions.plist; sourceTree = "<group>"; };
		91E1523D0F40B792006D6A59 /* ProjectPubDates.plist */ = {isa = PBXFileReference; fileEncoding = 4; lastKnownFileType = text.plist.xml; path = ProjectPubDates.plist; sourceTree = "<group>"; };
		91F09AA30F3A63370034528C /* ProjectReport.h */ = {isa = PBXFileReference; fileEncoding = 4; lastKnownFileType = sourcecode.c.h; path = ProjectReport.h; sourceTree = "<group>"; };
		91F09AA40F3A63370034528C /* ProjectReport.m */ = {isa = PBXFileReference; fileEncoding = 4; lastKnownFileType = sourcecode.c.objc; path = ProjectReport.m; sourceTree = "<group>"; };
		91F09AA60F3A657B0034528C /* ServerReport.h */ = {isa = PBXFileReference; fileEncoding = 4; lastKnownFileType = sourcecode.c.h; path = ServerReport.h; sourceTree = "<group>"; };
		91F09AA70F3A657B0034528C /* ServerReport.m */ = {isa = PBXFileReference; fileEncoding = 4; lastKnownFileType = sourcecode.c.objc; path = ServerReport.m; sourceTree = "<group>"; };
		91F09AAA0F3A66970034528C /* BuildService.h */ = {isa = PBXFileReference; fileEncoding = 4; lastKnownFileType = sourcecode.c.h; path = BuildService.h; sourceTree = "<group>"; };
		91F09AAD0F3A67090034528C /* BuildServiceDelegate.h */ = {isa = PBXFileReference; fileEncoding = 4; lastKnownFileType = sourcecode.c.h; path = BuildServiceDelegate.h; sourceTree = "<group>"; };
		91F09AD60F3A69A50034528C /* MockBuildService.h */ = {isa = PBXFileReference; fileEncoding = 4; lastKnownFileType = sourcecode.c.h; path = MockBuildService.h; sourceTree = "<group>"; };
		91F09AD70F3A69A50034528C /* MockBuildService.m */ = {isa = PBXFileReference; fileEncoding = 4; lastKnownFileType = sourcecode.c.objc; path = MockBuildService.m; sourceTree = "<group>"; };
		91F817560F43C7CE0078D366 /* IconWithoutShine.png */ = {isa = PBXFileReference; lastKnownFileType = image.png; path = IconWithoutShine.png; sourceTree = "<group>"; };
/* End PBXFileReference section */

/* Begin PBXFrameworksBuildPhase section */
		1D60588F0D05DD3D006BFB54 /* Frameworks */ = {
			isa = PBXFrameworksBuildPhase;
			buildActionMask = 2147483647;
			files = (
				1D60589F0D05DD5A006BFB54 /* Foundation.framework in Frameworks */,
				1DF5F4E00D08C38300B7A737 /* UIKit.framework in Frameworks */,
				2892E4100DC94CBA00A64D0F /* CoreGraphics.framework in Frameworks */,
			);
			runOnlyForDeploymentPostprocessing = 0;
		};
/* End PBXFrameworksBuildPhase section */

/* Begin PBXGroup section */
		050888A00F45E0900010569B /* Images */ = {
			isa = PBXGroup;
			children = (
				059CBE080F3BC7C800010F3F /* Icon.png */,
				91F817560F43C7CE0078D366 /* IconWithoutShine.png */,
				05473C460F44E45E003F5444 /* checkmark.png */,
				05A1FF920F425F7A00E2C085 /* build-broken.png */,
				05A1FF8E0F425F3E00E2C085 /* build-succeeded.png */,
			);
			name = Images;
			sourceTree = "<group>";
		};
		050888A10F45E0C30010569B /* NIBs */ = {
			isa = PBXGroup;
			children = (
				9149DF6D0F39053200A0E32C /* MainWindow.xib */,
				9149DF6F0F39053200A0E32C /* ServerView.xib */,
				9149E0020F39167600A0E32C /* ProjectsView.xib */,
				059CBDC00F3BAE7400010F3F /* ProjectReportView.xib */,
				05A1001C0F42681B00E2C085 /* BuildDetailsView.xib */,
				0524CCB90F3C86DB00C020FE /* AddServerView.xib */,
				91D9ADDA0F3E3B050035454C /* AboutView.xib */,
				0524CE5C0F3CBC6600C020FE /* EditServerDetailsView.xib */,
				91ABDE260F4120A1003232A0 /* ServerTableViewCell.xib */,
				05A1FD9C0F42225200E2C085 /* NameValueTableViewCell.xib */,
				05D8AF970F43B3DA00F07532 /* ForceBuildTableViewCell.xib */,
				917151D00F450F9100270997 /* ProjectTableViewCell.xib */,
			);
			name = NIBs;
			sourceTree = "<group>";
		};
		050888A20F45E11D0010569B /* PLists */ = {
			isa = PBXGroup;
			children = (
				8D1107310486CEB800E47090 /* Info.plist */,
				91D9ABD30F3DFE350035454C /* Servers.plist */,
				91D9ABD70F3E01DE0035454C /* ServerGroupPatterns.plist */,
				91D9ABD90F3E02BE0035454C /* ProjectDisplayNames.plist */,
				91D9ABDB0F3E03B50035454C /* ProjectTrackedStates.plist */,
				91E151B10F409FC2006D6A59 /* ProjectLinks.plist */,
				05473A6A0F44AD4C003F5444 /* ProjectForceBuildLinks.plist */,
				91844BA70F42459D00082108 /* ProjectLabels.plist */,
				91E1523B0F40B792006D6A59 /* ProjectBuildSucceededStates.plist */,
				91E1523C0F40B792006D6A59 /* ProjectDescriptions.plist */,
				91E1523D0F40B792006D6A59 /* ProjectPubDates.plist */,
				91D9AC560F3E12A60035454C /* ServerNames.plist */,
				05C884200F49E72000E486EA /* ServerReportBuilders.plist */,
			);
			name = PLists;
			sourceTree = "<group>";
		};
		050888A30F45E3A20010569B /* Add Server */ = {
			isa = PBXGroup;
			children = (
				059CBF210F3C7BB100010F3F /* ServerGroupCreator.h */,
				059CBF250F3C7E6D00010F3F /* ServerGroupCreatorDelegate.h */,
				059CBF2C0F3C821900010F3F /* UIServerGroupCreator.h */,
				059CBF2D0F3C821900010F3F /* UIServerGroupCreator.m */,
				0524CCDD0F3C8A0900C020FE /* AddServerViewController.h */,
				0524CCDE0F3C8A0900C020FE /* AddServerViewController.m */,
				0524CD850F3C9DC000C020FE /* AddServerViewControllerDelegate.h */,
				0524CE380F3CBA5F00C020FE /* EditServerDetailsViewController.h */,
				0524CE390F3CBA5F00C020FE /* EditServerDetailsViewController.m */,
				0524CEFC0F3CE52E00C020FE /* EditServerDetailsViewControllerDelegate.h */,
			);
			name = "Add Server";
			sourceTree = "<group>";
		};
		050888A40F45E3B30010569B /* Server Selection */ = {
			isa = PBXGroup;
			children = (
				05E9121C0F3A4E6800E646F6 /* ServerGroupNameSelector.h */,
				05E911E50F3A453300E646F6 /* UIServerGroupNameSelector.h */,
				05E911E60F3A453300E646F6 /* UIServerGroupNameSelector.m */,
				91DC9DB20F3BB3CD003F87CF /* ServerGroupNameSelectorDelegate.h */,
				28C286DF0D94DF7D0034E888 /* ServerViewController.h */,
				28C286E00D94DF7D0034E888 /* ServerViewController.m */,
				918449E80F4206F800082108 /* ServerTableViewCell.h */,
				918449E90F4206F800082108 /* ServerTableViewCell.m */,
			);
			name = "Server Selection";
			sourceTree = "<group>";
		};
		050888A50F45E3BB0010569B /* Project Selection */ = {
			isa = PBXGroup;
			children = (
				05E9121A0F3A4E6800E646F6 /* ProjectSelector.h */,
				05E9121B0F3A4E6800E646F6 /* ProjectSelectorDelegate.h */,
				05E9121D0F3A4E7100E646F6 /* UIProjectSelector.h */,
				05E9121E0F3A4E7100E646F6 /* UIProjectSelector.m */,
				9149DFFF0F39142400A0E32C /* ProjectsViewController.h */,
				9149E0000F39142400A0E32C /* ProjectsViewController.m */,
				917151D50F450FF800270997 /* ProjectTableViewCell.h */,
				917151D60F450FF800270997 /* ProjectTableViewCell.m */,
			);
			name = "Project Selection";
			sourceTree = "<group>";
		};
		050888A60F45E3C10010569B /* Build Details */ = {
			isa = PBXGroup;
			children = (
				053A950D0F3B99230092763D /* ProjectReporter.h */,
				05F186C20F3D228500024A3C /* ProjectReporterDelegate.h */,
				053A95100F3B998B0092763D /* UIProjectReporter.h */,
				053A95110F3B998B0092763D /* UIProjectReporter.m */,
				053A95130F3B9BF60092763D /* ProjectReportViewController.h */,
				053A95140F3B9BF60092763D /* ProjectReportViewController.m */,
				057CDAFB0F42799D00B63112 /* BuildDetailsViewController.h */,
				057CDAFC0F42799D00B63112 /* BuildDetailsViewController.m */,
			);
			name = "Build Details";
			sourceTree = "<group>";
		};
		050888A70F45E3CC0010569B /* Build Service */ = {
			isa = PBXGroup;
			children = (
				05C886850F4A213D00E486EA /* XML Object Construction */,
				91F09AA60F3A657B0034528C /* ServerReport.h */,
				91F09AA70F3A657B0034528C /* ServerReport.m */,
				91F09AA30F3A63370034528C /* ProjectReport.h */,
				91F09AA40F3A63370034528C /* ProjectReport.m */,
				91F09AAA0F3A66970034528C /* BuildService.h */,
				91F09AAD0F3A67090034528C /* BuildServiceDelegate.h */,
				05F1867B0F3D1B4300024A3C /* NetworkBuildService.m */,
				05F1867A0F3D1B4300024A3C /* NetworkBuildService.h */,
				91F09AD60F3A69A50034528C /* MockBuildService.h */,
				91F09AD70F3A69A50034528C /* MockBuildService.m */,
				05F1868B0F3D21AC00024A3C /* BuildStatusUpdater.h */,
				05F186900F3D21BE00024A3C /* BuildStatusUpdaterDelegate.h */,
				05F186930F3D21C700024A3C /* NetworkBuildStatusUpdater.h */,
				05F186980F3D223D00024A3C /* NetworkBuildStatusUpdater.m */,
				05FE3CA00F3DF9E000EE7FB9 /* ServerReportBuilder.h */,
				05C883560F49BCD000E486EA /* CcrbServerReportBuilder.h */,
				05C883570F49BCD000E486EA /* CcrbServerReportBuilder.m */,
				05C883A30F49C88800E486EA /* CcjavaServerReportBuilder.h */,
				05C883A40F49C88800E486EA /* CcjavaServerReportBuilder.m */,
				05C883A60F49C89000E486EA /* CcnetServerReportBuilder.h */,
				05C883A70F49C89000E486EA /* CcnetServerReportBuilder.m */,
			);
			name = "Build Service";
			sourceTree = "<group>";
		};
		050888A80F45E41B0010569B /* Persistence */ = {
			isa = PBXGroup;
			children = (
				05E911070F3A111500E646F6 /* BuildWatchPersistentStore.h */,
				054462A90F49335A0070ABBB /* PListBuildWatchPersistentStore.h */,
				054462AA0F49335A0070ABBB /* PListBuildWatchPersistentStore.m */,
				054462AB0F49335A0070ABBB /* PListUtils.h */,
				054462AC0F49335A0070ABBB /* PListUtils.m */,
				05E9110E0F3A11F700E646F6 /* MockBuildWatchPersistentStore.h */,
				05E9110F0F3A11F700E646F6 /* MockBuildWatchPersistentStore.m */,
			);
			name = Persistence;
			sourceTree = "<group>";
		};
		050889050F45E5AC0010569B /* Shared */ = {
			isa = PBXGroup;
			children = (
				054462B20F4933C10070ABBB /* NSError+BuildWatchAdditions.h */,
				054462B30F4933C10070ABBB /* NSError+BuildWatchAdditions.m */,
				054462900F4932A20070ABBB /* NSString+BuildWatchAdditions.h */,
				054462910F4932A20070ABBB /* NSString+BuildWatchAdditions.m */,
				05FE3CFC0F3E010A00EE7FB9 /* NSDate+BuildServiceAdditions.h */,
				05FE3CFD0F3E010A00EE7FB9 /* NSDate+BuildServiceAdditions.m */,
				9114658B0F460949002A4BAB /* UIColor+BuildWatchColors.h */,
				9114658C0F460949002A4BAB /* UIColor+BuildWatchColors.m */,
				05A1FDA00F42237E00E2C085 /* NameValueTableViewCell.h */,
				05A1FDA10F42237E00E2C085 /* NameValueTableViewCell.m */,
				918179D00F49D629009C7617 /* NSDate+IsToday.h */,
				918179D10F49D629009C7617 /* NSDate+IsToday.m */,
				918179DC0F49DC64009C7617 /* NSDate+StringHelpers.h */,
				918179DD0F49DC64009C7617 /* NSDate+StringHelpers.m */,
			);
			name = Shared;
			sourceTree = "<group>";
		};
		050889240F45E6170010569B /* About */ = {
			isa = PBXGroup;
			children = (
				91D9ADE00F3E47720035454C /* AboutDisplayer.h */,
				91D9ADE10F3E47720035454C /* AboutDisplayer.m */,
			);
			name = About;
			sourceTree = "<group>";
		};
		050889250F45E6320010569B /* Force Build */ = {
			isa = PBXGroup;
			children = (
				05D8AFBE0F43BB7800F07532 /* BuildForcer.h */,
				05D8AFC10F43BB7F00F07532 /* BuildForcerDelegate.h */,
				05D8AFE00F43CC3D00F07532 /* GenericBuildForcer.h */,
				05D8AFE10F43CC3D00F07532 /* GenericBuildForcer.m */,
				05D8AF9C0F43B57100F07532 /* ForceBuildTableViewCell.h */,
				05D8AF9D0F43B57100F07532 /* ForceBuildTableViewCell.m */,
			);
			name = "Force Build";
			sourceTree = "<group>";
		};
		050889400F45E6FC0010569B /* Server Data Refreshing */ = {
			isa = PBXGroup;
			children = (
				911EDDE40F3D0C4800E17BC0 /* ServerDataRefresher.h */,
				911EDE250F3D120700E17BC0 /* ServerDataRefresherDelegate.h */,
				911EDDFC0F3D0DC300E17BC0 /* UIServerDataRefresher.h */,
				911EDDFD0F3D0DC300E17BC0 /* UIServerDataRefresher.m */,
			);
			name = "Server Data Refreshing";
			sourceTree = "<group>";
		};
		050889410F45E7D30010569B /* App Controller */ = {
			isa = PBXGroup;
			children = (
				05E911030F3A056F00E646F6 /* BuildWatchAppController.h */,
				05E911040F3A056F00E646F6 /* BuildWatchAppController.m */,
				1D3623240D0F684500981E51 /* BuildWatchAppDelegate.h */,
				1D3623250D0F684500981E51 /* BuildWatchAppDelegate.m */,
			);
			name = "App Controller";
			sourceTree = "<group>";
		};
		05C886850F4A213D00E486EA /* XML Object Construction */ = {
			isa = PBXGroup;
			children = (
				05FE3CA50F3DFAD600EE7FB9 /* GenericServerReportBuilder.h */,
				05FE3CA60F3DFAD600EE7FB9 /* GenericServerReportBuilder.m */,
				05C8834C0F49B82E00E486EA /* ServerReportBuilderFactory.h */,
				05C8834D0F49B82E00E486EA /* ServerReportBuilderFactory.m */,
				054462990F4932F60070ABBB /* XmlObjectBuilder.h */,
				054462930F4932F60070ABBB /* XmlBoolObjectBuilder.h */,
				054462940F4932F60070ABBB /* XmlBoolObjectBuilder.m */,
				054462950F4932F60070ABBB /* XmlCompositeObjectBuilder.h */,
				054462960F4932F60070ABBB /* XmlCompositeObjectBuilder.m */,
				054462970F4932F60070ABBB /* XmlDateObjectBuilder.h */,
				054462980F4932F60070ABBB /* XmlDateObjectBuilder.m */,
				0544629A0F4932F60070ABBB /* XmlRegexObjectBuilder.h */,
				0544629B0F4932F60070ABBB /* XmlRegexObjectBuilder.m */,
				0544629C0F4932F60070ABBB /* XmlSimpleObjectBuilder.h */,
				0544629D0F4932F60070ABBB /* XmlSimpleObjectBuilder.m */,
				05DB30040F48CBD3005E1682 /* XmlConstantValueObjectBuilder.h */,
				05DB30050F48CBD3005E1682 /* XmlConstantValueObjectBuilder.m */,
			);
			name = "XML Object Construction";
			sourceTree = "<group>";
		};
		05FE3CC40F3DFB4C00EE7FB9 /* TouchXML */ = {
			isa = PBXGroup;
			children = (
				05FE3E9E0F3E1BE500EE7FB9 /* CXMLDocument.h */,
				05FE3E9F0F3E1BE500EE7FB9 /* CXMLDocument.m */,
				05FE3EA00F3E1BE500EE7FB9 /* CXMLDocument_CreationExtensions.h */,
				05FE3EA10F3E1BE500EE7FB9 /* CXMLDocument_CreationExtensions.m */,
				05FE3EA20F3E1BE500EE7FB9 /* CXMLDocument_PrivateExtensions.h */,
				05FE3EA30F3E1BE500EE7FB9 /* CXMLDocument_PrivateExtensions.m */,
				05FE3EA40F3E1BE500EE7FB9 /* CXMLElement.h */,
				05FE3EA50F3E1BE500EE7FB9 /* CXMLElement.m */,
				05FE3EA60F3E1BE500EE7FB9 /* CXMLElement_CreationExtensions.h */,
				05FE3EA70F3E1BE500EE7FB9 /* CXMLElement_CreationExtensions.m */,
				05FE3EA80F3E1BE500EE7FB9 /* CXMLNode.h */,
				05FE3EA90F3E1BE500EE7FB9 /* CXMLNode.m */,
				05FE3EAA0F3E1BE500EE7FB9 /* CXMLNode_CreationExtensions.h */,
				05FE3EAB0F3E1BE500EE7FB9 /* CXMLNode_CreationExtensions.m */,
				05FE3EAC0F3E1BE500EE7FB9 /* CXMLNode_PrivateExtensions.h */,
				05FE3EAD0F3E1BE500EE7FB9 /* CXMLNode_PrivateExtensions.m */,
				05FE3EAE0F3E1BE500EE7FB9 /* CXMLNode_XPathExtensions.h */,
				05FE3EAF0F3E1BE500EE7FB9 /* CXMLNode_XPathExtensions.m */,
				05FE3EB00F3E1BE500EE7FB9 /* TouchXML.h */,
			);
			name = TouchXML;
			sourceTree = "<group>";
		};
		05FE3CC70F3DFB5600EE7FB9 /* Vendor Libraries */ = {
			isa = PBXGroup;
			children = (
				05FE3D560F3E0F8300EE7FB9 /* RegexKitLite */,
				05FE3CC40F3DFB4C00EE7FB9 /* TouchXML */,
			);
			name = "Vendor Libraries";
			path = Classes;
			sourceTree = "<group>";
		};
		05FE3D560F3E0F8300EE7FB9 /* RegexKitLite */ = {
			isa = PBXGroup;
			children = (
				911EDE2D0F3D1B0D00E17BC0 /* UIServerDataRefresherDelegate.h */,
				911EDE2E0F3D1B0D00E17BC0 /* UIServerDataRefresherDelegate.m */,
				911EDBD00F3CA58A00E17BC0 /* RegexKitLite.h */,
				911EDBD10F3CA58A00E17BC0 /* RegexKitLite.m */,
			);
			name = RegexKitLite;
			sourceTree = "<group>";
		};
		080E96DDFE201D6D7F000001 /* Classes */ = {
			isa = PBXGroup;
			children = (
				050889410F45E7D30010569B /* App Controller */,
				050888A80F45E41B0010569B /* Persistence */,
				050888A70F45E3CC0010569B /* Build Service */,
				050889400F45E6FC0010569B /* Server Data Refreshing */,
				050889250F45E6320010569B /* Force Build */,
				050888A40F45E3B30010569B /* Server Selection */,
				050888A50F45E3BB0010569B /* Project Selection */,
				050888A60F45E3C10010569B /* Build Details */,
				050888A30F45E3A20010569B /* Add Server */,
				050889240F45E6170010569B /* About */,
				050889050F45E5AC0010569B /* Shared */,
			);
			path = Classes;
			sourceTree = "<group>";
		};
		19C28FACFE9D520D11CA2CBB /* Products */ = {
			isa = PBXGroup;
			children = (
				1D6058910D05DD3D006BFB54 /* Build Watch.app */,
			);
			name = Products;
			sourceTree = "<group>";
		};
		29B97314FDCFA39411CA2CEA /* CustomTemplate */ = {
			isa = PBXGroup;
			children = (
				05FE3CC70F3DFB5600EE7FB9 /* Vendor Libraries */,
				080E96DDFE201D6D7F000001 /* Classes */,
				29B97315FDCFA39411CA2CEA /* Other Sources */,
				29B97317FDCFA39411CA2CEA /* Resources */,
				29B97323FDCFA39411CA2CEA /* Frameworks */,
				19C28FACFE9D520D11CA2CBB /* Products */,
			);
			name = CustomTemplate;
			sourceTree = "<group>";
		};
		29B97315FDCFA39411CA2CEA /* Other Sources */ = {
			isa = PBXGroup;
			children = (
				28A0AAE50D9B0CCF005BE974 /* build_watch_Prefix.pch */,
				29B97316FDCFA39411CA2CEA /* main.m */,
			);
			name = "Other Sources";
			sourceTree = "<group>";
		};
		29B97317FDCFA39411CA2CEA /* Resources */ = {
			isa = PBXGroup;
			children = (
				050888A10F45E0C30010569B /* NIBs */,
				050888A20F45E11D0010569B /* PLists */,
				050888A00F45E0900010569B /* Images */,
				059CBD460F3BA40900010F3F /* Localizable.strings */,
			);
			name = Resources;
			sourceTree = "<group>";
		};
		29B97323FDCFA39411CA2CEA /* Frameworks */ = {
			isa = PBXGroup;
			children = (
				1DF5F4DF0D08C38300B7A737 /* UIKit.framework */,
				1D30AB110D05D00D00671497 /* Foundation.framework */,
				2892E40F0DC94CBA00A64D0F /* CoreGraphics.framework */,
			);
			name = Frameworks;
			sourceTree = "<group>";
		};
/* End PBXGroup section */

/* Begin PBXNativeTarget section */
		1D6058900D05DD3D006BFB54 /* build-watch */ = {
			isa = PBXNativeTarget;
			buildConfigurationList = 1D6058960D05DD3E006BFB54 /* Build configuration list for PBXNativeTarget "build-watch" */;
			buildPhases = (
				1D60588D0D05DD3D006BFB54 /* Resources */,
				1D60588E0D05DD3D006BFB54 /* Sources */,
				1D60588F0D05DD3D006BFB54 /* Frameworks */,
			);
			buildRules = (
			);
			dependencies = (
			);
			name = "build-watch";
			productName = "build-watch";
			productReference = 1D6058910D05DD3D006BFB54 /* Build Watch.app */;
			productType = "com.apple.product-type.application";
		};
/* End PBXNativeTarget section */

/* Begin PBXProject section */
		29B97313FDCFA39411CA2CEA /* Project object */ = {
			isa = PBXProject;
			buildConfigurationList = C01FCF4E08A954540054247B /* Build configuration list for PBXProject "build-watch" */;
			compatibilityVersion = "Xcode 3.1";
			hasScannedForEncodings = 1;
			knownRegions = (
				English,
				Japanese,
				French,
				German,
				en,
			);
			mainGroup = 29B97314FDCFA39411CA2CEA /* CustomTemplate */;
			projectDirPath = "";
			projectRoot = "";
			targets = (
				1D6058900D05DD3D006BFB54 /* build-watch */,
			);
		};
/* End PBXProject section */

/* Begin PBXResourcesBuildPhase section */
		1D60588D0D05DD3D006BFB54 /* Resources */ = {
			isa = PBXResourcesBuildPhase;
			buildActionMask = 2147483647;
			files = (
				9149DF710F39053200A0E32C /* MainWindow.xib in Resources */,
				9149DF720F39053200A0E32C /* ServerView.xib in Resources */,
				9149E0040F39167600A0E32C /* ProjectsView.xib in Resources */,
				059CBD480F3BA40900010F3F /* Localizable.strings in Resources */,
				059CBDC20F3BAE7400010F3F /* ProjectReportView.xib in Resources */,
				059CBE090F3BC7C800010F3F /* Icon.png in Resources */,
				0524CCBB0F3C86DB00C020FE /* AddServerView.xib in Resources */,
				0524CE5E0F3CBC6600C020FE /* EditServerDetailsView.xib in Resources */,
				91D9ABD40F3DFE350035454C /* Servers.plist in Resources */,
				91D9ABD80F3E01DE0035454C /* ServerGroupPatterns.plist in Resources */,
				91D9ABDA0F3E02BE0035454C /* ProjectDisplayNames.plist in Resources */,
				91D9ABDC0F3E03B50035454C /* ProjectTrackedStates.plist in Resources */,
				91D9AC570F3E12A60035454C /* ServerNames.plist in Resources */,
				91D9ADDC0F3E3B050035454C /* AboutView.xib in Resources */,
				91E151B20F409FC2006D6A59 /* ProjectLinks.plist in Resources */,
				91E1523E0F40B792006D6A59 /* ProjectBuildSucceededStates.plist in Resources */,
				91E1523F0F40B792006D6A59 /* ProjectDescriptions.plist in Resources */,
				91E152400F40B792006D6A59 /* ProjectPubDates.plist in Resources */,
				91ABDE280F4120A1003232A0 /* ServerTableViewCell.xib in Resources */,
				05A1FD9E0F42225200E2C085 /* NameValueTableViewCell.xib in Resources */,
				91844BA80F42459D00082108 /* ProjectLabels.plist in Resources */,
				05A1FF900F425F3E00E2C085 /* build-succeeded.png in Resources */,
				05A1FF930F425F7A00E2C085 /* build-broken.png in Resources */,
				05A1001E0F42681B00E2C085 /* BuildDetailsView.xib in Resources */,
				05D8AF990F43B3DA00F07532 /* ForceBuildTableViewCell.xib in Resources */,
				05473A6B0F44AD4C003F5444 /* ProjectForceBuildLinks.plist in Resources */,
				05473C470F44E45E003F5444 /* checkmark.png in Resources */,
				91F817570F43C7CE0078D366 /* IconWithoutShine.png in Resources */,
				917151D20F450F9100270997 /* ProjectTableViewCell.xib in Resources */,
				05C884210F49E72000E486EA /* ServerReportBuilders.plist in Resources */,
			);
			runOnlyForDeploymentPostprocessing = 0;
		};
/* End PBXResourcesBuildPhase section */

/* Begin PBXSourcesBuildPhase section */
		1D60588E0D05DD3D006BFB54 /* Sources */ = {
			isa = PBXSourcesBuildPhase;
			buildActionMask = 2147483647;
			files = (
				1D60589B0D05DD56006BFB54 /* main.m in Sources */,
				1D3623260D0F684500981E51 /* BuildWatchAppDelegate.m in Sources */,
				28C286E10D94DF7D0034E888 /* ServerViewController.m in Sources */,
				9149E0010F39142400A0E32C /* ProjectsViewController.m in Sources */,
				05E911050F3A056F00E646F6 /* BuildWatchAppController.m in Sources */,
				05E911100F3A11F700E646F6 /* MockBuildWatchPersistentStore.m in Sources */,
				05E911E70F3A453300E646F6 /* UIServerGroupNameSelector.m in Sources */,
				05E9121F0F3A4E7100E646F6 /* UIProjectSelector.m in Sources */,
				91F09AA50F3A63370034528C /* ProjectReport.m in Sources */,
				91F09AA80F3A657B0034528C /* ServerReport.m in Sources */,
				91F09AD80F3A69A50034528C /* MockBuildService.m in Sources */,
				053A95120F3B998B0092763D /* UIProjectReporter.m in Sources */,
				053A95150F3B9BF60092763D /* ProjectReportViewController.m in Sources */,
				059CBF2E0F3C821900010F3F /* UIServerGroupCreator.m in Sources */,
				0524CCDF0F3C8A0900C020FE /* AddServerViewController.m in Sources */,
				0524CE3A0F3CBA5F00C020FE /* EditServerDetailsViewController.m in Sources */,
				911EDBD20F3CA58A00E17BC0 /* RegexKitLite.m in Sources */,
				05F1867C0F3D1B4300024A3C /* NetworkBuildService.m in Sources */,
				05F186990F3D223D00024A3C /* NetworkBuildStatusUpdater.m in Sources */,
				05FE3CA70F3DFAD600EE7FB9 /* GenericServerReportBuilder.m in Sources */,
				05FE3CFE0F3E010A00EE7FB9 /* NSDate+BuildServiceAdditions.m in Sources */,
				05FE3EB10F3E1BE500EE7FB9 /* CXMLDocument.m in Sources */,
				05FE3EB20F3E1BE500EE7FB9 /* CXMLDocument_CreationExtensions.m in Sources */,
				05FE3EB30F3E1BE500EE7FB9 /* CXMLDocument_PrivateExtensions.m in Sources */,
				05FE3EB40F3E1BE500EE7FB9 /* CXMLElement.m in Sources */,
				05FE3EB50F3E1BE500EE7FB9 /* CXMLElement_CreationExtensions.m in Sources */,
				05FE3EB60F3E1BE500EE7FB9 /* CXMLNode.m in Sources */,
				05FE3EB70F3E1BE500EE7FB9 /* CXMLNode_CreationExtensions.m in Sources */,
				05FE3EB80F3E1BE500EE7FB9 /* CXMLNode_PrivateExtensions.m in Sources */,
				05FE3EB90F3E1BE500EE7FB9 /* CXMLNode_XPathExtensions.m in Sources */,
				911EDDFE0F3D0DC300E17BC0 /* UIServerDataRefresher.m in Sources */,
				911EDE2F0F3D1B0D00E17BC0 /* UIServerDataRefresherDelegate.m in Sources */,
				91D9ADE20F3E47720035454C /* AboutDisplayer.m in Sources */,
				918449EA0F4206F800082108 /* ServerTableViewCell.m in Sources */,
				05A1FDA20F42237E00E2C085 /* NameValueTableViewCell.m in Sources */,
				057CDAFD0F42799D00B63112 /* BuildDetailsViewController.m in Sources */,
				05D8AF9E0F43B57100F07532 /* ForceBuildTableViewCell.m in Sources */,
				05D8AFE20F43CC3D00F07532 /* GenericBuildForcer.m in Sources */,
				917151D70F450FF800270997 /* ProjectTableViewCell.m in Sources */,
				9114658D0F460949002A4BAB /* UIColor+BuildWatchColors.m in Sources */,
				05DB30060F48CBD3005E1682 /* XmlConstantValueObjectBuilder.m in Sources */,
				054462920F4932A20070ABBB /* NSString+BuildWatchAdditions.m in Sources */,
				0544629E0F4932F60070ABBB /* XmlBoolObjectBuilder.m in Sources */,
				0544629F0F4932F60070ABBB /* XmlCompositeObjectBuilder.m in Sources */,
				054462A00F4932F60070ABBB /* XmlDateObjectBuilder.m in Sources */,
				054462A10F4932F60070ABBB /* XmlRegexObjectBuilder.m in Sources */,
				054462A20F4932F60070ABBB /* XmlSimpleObjectBuilder.m in Sources */,
				054462AD0F49335A0070ABBB /* PListBuildWatchPersistentStore.m in Sources */,
				054462AE0F49335A0070ABBB /* PListUtils.m in Sources */,
				054462B40F4933C10070ABBB /* NSError+BuildWatchAdditions.m in Sources */,
				05C8834E0F49B82E00E486EA /* ServerReportBuilderFactory.m in Sources */,
				05C883580F49BCD000E486EA /* CcrbServerReportBuilder.m in Sources */,
				05C883A50F49C88800E486EA /* CcjavaServerReportBuilder.m in Sources */,
				05C883A80F49C89000E486EA /* CcnetServerReportBuilder.m in Sources */,
				918179D20F49D629009C7617 /* NSDate+IsToday.m in Sources */,
				918179DE0F49DC64009C7617 /* NSDate+StringHelpers.m in Sources */,
			);
			runOnlyForDeploymentPostprocessing = 0;
		};
/* End PBXSourcesBuildPhase section */

/* Begin PBXVariantGroup section */
		0524CCB90F3C86DB00C020FE /* AddServerView.xib */ = {
			isa = PBXVariantGroup;
			children = (
				0524CCBA0F3C86DB00C020FE /* en */,
			);
			name = AddServerView.xib;
			sourceTree = "<group>";
		};
		0524CE5C0F3CBC6600C020FE /* EditServerDetailsView.xib */ = {
			isa = PBXVariantGroup;
			children = (
				0524CE5D0F3CBC6600C020FE /* en */,
			);
			name = EditServerDetailsView.xib;
			sourceTree = "<group>";
		};
		059CBD460F3BA40900010F3F /* Localizable.strings */ = {
			isa = PBXVariantGroup;
			children = (
				059CBD470F3BA40900010F3F /* en */,
			);
			name = Localizable.strings;
			sourceTree = "<group>";
		};
		059CBDC00F3BAE7400010F3F /* ProjectReportView.xib */ = {
			isa = PBXVariantGroup;
			children = (
				059CBDC10F3BAE7400010F3F /* en */,
			);
			name = ProjectReportView.xib;
			sourceTree = "<group>";
		};
		05A1001C0F42681B00E2C085 /* BuildDetailsView.xib */ = {
			isa = PBXVariantGroup;
			children = (
				05A1001D0F42681B00E2C085 /* en */,
			);
			name = BuildDetailsView.xib;
			sourceTree = "<group>";
		};
		05A1FD9C0F42225200E2C085 /* NameValueTableViewCell.xib */ = {
			isa = PBXVariantGroup;
			children = (
				05A1FD9D0F42225200E2C085 /* en */,
			);
			name = NameValueTableViewCell.xib;
			sourceTree = "<group>";
		};
		05D8AF970F43B3DA00F07532 /* ForceBuildTableViewCell.xib */ = {
			isa = PBXVariantGroup;
			children = (
				05D8AF980F43B3DA00F07532 /* en */,
			);
			name = ForceBuildTableViewCell.xib;
			sourceTree = "<group>";
		};
		9149DF6D0F39053200A0E32C /* MainWindow.xib */ = {
			isa = PBXVariantGroup;
			children = (
				9149DF6E0F39053200A0E32C /* en */,
			);
			name = MainWindow.xib;
			sourceTree = "<group>";
		};
		9149DF6F0F39053200A0E32C /* ServerView.xib */ = {
			isa = PBXVariantGroup;
			children = (
				9149DF700F39053200A0E32C /* en */,
			);
			name = ServerView.xib;
			sourceTree = "<group>";
		};
		9149E0020F39167600A0E32C /* ProjectsView.xib */ = {
			isa = PBXVariantGroup;
			children = (
				9149E0030F39167600A0E32C /* en */,
			);
			name = ProjectsView.xib;
			sourceTree = "<group>";
		};
		917151D00F450F9100270997 /* ProjectTableViewCell.xib */ = {
			isa = PBXVariantGroup;
			children = (
				917151D10F450F9100270997 /* en */,
			);
			name = ProjectTableViewCell.xib;
			sourceTree = "<group>";
		};
		91ABDE260F4120A1003232A0 /* ServerTableViewCell.xib */ = {
			isa = PBXVariantGroup;
			children = (
				91ABDE270F4120A1003232A0 /* en */,
			);
			name = ServerTableViewCell.xib;
			sourceTree = "<group>";
		};
		91D9ADDA0F3E3B050035454C /* AboutView.xib */ = {
			isa = PBXVariantGroup;
			children = (
				91D9ADDB0F3E3B050035454C /* en */,
			);
			name = AboutView.xib;
			sourceTree = "<group>";
		};
/* End PBXVariantGroup section */

/* Begin XCBuildConfiguration section */
		056FD8CD0F38E11A000225C6 /* Distribution */ = {
			isa = XCBuildConfiguration;
			buildSettings = {
				ARCHS = "$(ARCHS_STANDARD_32_BIT)";
				"CODE_SIGN_IDENTITY[sdk=iphoneos*]" = "iPhone Developer";
				CURRENT_PROJECT_VERSION = 0.0.1;
				GCC_C_LANGUAGE_STANDARD = c99;
				GCC_WARN_ABOUT_RETURN_TYPE = YES;
				GCC_WARN_UNUSED_VARIABLE = YES;
				HEADER_SEARCH_PATHS = "/usr/include/libxml2/**";
				OTHER_LDFLAGS = "-lxml2";
				PREBINDING = NO;
				SDKROOT = iphoneos2.1;
			};
			name = Distribution;
		};
		056FD8CE0F38E11A000225C6 /* Distribution */ = {
			isa = XCBuildConfiguration;
			buildSettings = {
				ALWAYS_SEARCH_USER_PATHS = NO;
				COPY_PHASE_STRIP = YES;
				GCC_PRECOMPILE_PREFIX_HEADER = YES;
				GCC_PREFIX_HEADER = build_watch_Prefix.pch;
				HEADER_SEARCH_PATHS = /usr/include/libxml2;
				INFOPLIST_FILE = Info.plist;
				OTHER_LDFLAGS = (
					"-lxml2",
					"-licucore",
				);
				PRODUCT_NAME = "Build Watch";
			};
			name = Distribution;
		};
		1D6058940D05DD3E006BFB54 /* Debug */ = {
			isa = XCBuildConfiguration;
			buildSettings = {
				ALWAYS_SEARCH_USER_PATHS = NO;
				COPY_PHASE_STRIP = NO;
				GCC_DYNAMIC_NO_PIC = NO;
				GCC_OPTIMIZATION_LEVEL = 0;
				GCC_PRECOMPILE_PREFIX_HEADER = YES;
				GCC_PREFIX_HEADER = build_watch_Prefix.pch;
				HEADER_SEARCH_PATHS = /usr/include/libxml2;
				INFOPLIST_FILE = Info.plist;
				OTHER_LDFLAGS = (
					"-lxml2",
					"-licucore",
				);
				PRODUCT_NAME = "Build Watch";
			};
			name = Debug;
		};
		1D6058950D05DD3E006BFB54 /* Release */ = {
			isa = XCBuildConfiguration;
			buildSettings = {
				ALWAYS_SEARCH_USER_PATHS = NO;
				COPY_PHASE_STRIP = YES;
				GCC_PRECOMPILE_PREFIX_HEADER = YES;
				GCC_PREFIX_HEADER = build_watch_Prefix.pch;
				HEADER_SEARCH_PATHS = /usr/include/libxml2;
				INFOPLIST_FILE = Info.plist;
				OTHER_LDFLAGS = (
					"-lxml2",
					"-licucore",
				);
				PRODUCT_NAME = "build-watch";
			};
			name = Release;
		};
		C01FCF4F08A954540054247B /* Debug */ = {
			isa = XCBuildConfiguration;
			buildSettings = {
				ARCHS = "$(ARCHS_STANDARD_32_BIT)";
				"CODE_SIGN_IDENTITY[sdk=iphoneos*]" = "iPhone Developer: John Debay";
				CURRENT_PROJECT_VERSION = 0.0.1;
				GCC_C_LANGUAGE_STANDARD = c99;
				GCC_WARN_ABOUT_RETURN_TYPE = YES;
				GCC_WARN_UNUSED_VARIABLE = YES;
				HEADER_SEARCH_PATHS = "/usr/include/libxml2/**";
				ONLY_ACTIVE_ARCH = YES;
				OTHER_LDFLAGS = "-lxml2";
				PREBINDING = NO;
				"PROVISIONING_PROFILE[sdk=iphoneos*]" = "D8FAC8AE-20E3-489E-8C46-4A4FF58EEFA7";
				SDKROOT = iphoneos2.1;
			};
			name = Debug;
		};
		C01FCF5008A954540054247B /* Release */ = {
			isa = XCBuildConfiguration;
			buildSettings = {
				ARCHS = "$(ARCHS_STANDARD_32_BIT)";
				"CODE_SIGN_IDENTITY[sdk=iphoneos*]" = "iPhone Developer";
				CURRENT_PROJECT_VERSION = 0.0.1;
				GCC_C_LANGUAGE_STANDARD = c99;
				GCC_WARN_ABOUT_RETURN_TYPE = YES;
				GCC_WARN_UNUSED_VARIABLE = YES;
				HEADER_SEARCH_PATHS = "/usr/include/libxml2/**";
				OTHER_LDFLAGS = "-lxml2";
				PREBINDING = NO;
				SDKROOT = iphoneos2.1;
			};
			name = Release;
		};
/* End XCBuildConfiguration section */

/* Begin XCConfigurationList section */
		1D6058960D05DD3E006BFB54 /* Build configuration list for PBXNativeTarget "build-watch" */ = {
			isa = XCConfigurationList;
			buildConfigurations = (
				1D6058940D05DD3E006BFB54 /* Debug */,
				1D6058950D05DD3E006BFB54 /* Release */,
				056FD8CE0F38E11A000225C6 /* Distribution */,
			);
			defaultConfigurationIsVisible = 0;
			defaultConfigurationName = Release;
		};
		C01FCF4E08A954540054247B /* Build configuration list for PBXProject "build-watch" */ = {
			isa = XCConfigurationList;
			buildConfigurations = (
				C01FCF4F08A954540054247B /* Debug */,
				C01FCF5008A954540054247B /* Release */,
				056FD8CD0F38E11A000225C6 /* Distribution */,
			);
			defaultConfigurationIsVisible = 0;
			defaultConfigurationName = Release;
		};
/* End XCConfigurationList section */
	};
	rootObject = 29B97313FDCFA39411CA2CEA /* Project object */;
}
